// !$*UTF8*$!
{
	archiveVersion = 1;
	classes = {
	};
	objectVersion = 46;
	objects = {

/* Begin PBXBuildFile section */
		4ABF41FF1BD6942000E836DC /* AppDelegate.swift in Sources */ = {isa = PBXBuildFile; fileRef = 4ABF41FE1BD6942000E836DC /* AppDelegate.swift */; };
		4ABF42011BD6942000E836DC /* ViewController.swift in Sources */ = {isa = PBXBuildFile; fileRef = 4ABF42001BD6942000E836DC /* ViewController.swift */; };
		4ABF42041BD6942000E836DC /* Main.storyboard in Resources */ = {isa = PBXBuildFile; fileRef = 4ABF42021BD6942000E836DC /* Main.storyboard */; };
		4ABF42061BD6942000E836DC /* Assets.xcassets in Resources */ = {isa = PBXBuildFile; fileRef = 4ABF42051BD6942000E836DC /* Assets.xcassets */; };
		4ABF42091BD6942000E836DC /* LaunchScreen.storyboard in Resources */ = {isa = PBXBuildFile; fileRef = 4ABF42071BD6942000E836DC /* LaunchScreen.storyboard */; };
		4ABF42141BD6942000E836DC /* PingsTests.swift in Sources */ = {isa = PBXBuildFile; fileRef = 4ABF42131BD6942000E836DC /* PingsTests.swift */; };
		4ABF421F1BD6942000E836DC /* PingsUITests.swift in Sources */ = {isa = PBXBuildFile; fileRef = 4ABF421E1BD6942000E836DC /* PingsUITests.swift */; };
/* End PBXBuildFile section */

/* Begin PBXContainerItemProxy section */
		4ABF42101BD6942000E836DC /* PBXContainerItemProxy */ = {
			isa = PBXContainerItemProxy;
			containerPortal = 4ABF41F31BD6942000E836DC /* Project object */;
			proxyType = 1;
			remoteGlobalIDString = 4ABF41FA1BD6942000E836DC;
			remoteInfo = Pings;
		};
		4ABF421B1BD6942000E836DC /* PBXContainerItemProxy */ = {
			isa = PBXContainerItemProxy;
			containerPortal = 4ABF41F31BD6942000E836DC /* Project object */;
			proxyType = 1;
			remoteGlobalIDString = 4ABF41FA1BD6942000E836DC;
			remoteInfo = Pings;
		};
/* End PBXContainerItemProxy section */

/* Begin PBXFileReference section */
		4ABF41FB1BD6942000E836DC /* Pings.app */ = {isa = PBXFileReference; explicitFileType = wrapper.application; includeInIndex = 0; path = Pings.app; sourceTree = BUILT_PRODUCTS_DIR; };
		4ABF41FE1BD6942000E836DC /* AppDelegate.swift */ = {isa = PBXFileReference; lastKnownFileType = sourcecode.swift; path = AppDelegate.swift; sourceTree = "<group>"; };
		4ABF42001BD6942000E836DC /* ViewController.swift */ = {isa = PBXFileReference; lastKnownFileType = sourcecode.swift; path = ViewController.swift; sourceTree = "<group>"; };
		4ABF42031BD6942000E836DC /* Base */ = {isa = PBXFileReference; lastKnownFileType = file.storyboard; name = Base; path = Base.lproj/Main.storyboard; sourceTree = "<group>"; };
		4ABF42051BD6942000E836DC /* Assets.xcassets */ = {isa = PBXFileReference; lastKnownFileType = folder.assetcatalog; path = Assets.xcassets; sourceTree = "<group>"; };
		4ABF42081BD6942000E836DC /* Base */ = {isa = PBXFileReference; lastKnownFileType = file.storyboard; name = Base; path = Base.lproj/LaunchScreen.storyboard; sourceTree = "<group>"; };
		4ABF420A1BD6942000E836DC /* Info.plist */ = {isa = PBXFileReference; lastKnownFileType = text.plist.xml; path = Info.plist; sourceTree = "<group>"; };
		4ABF420F1BD6942000E836DC /* PingsTests.xctest */ = {isa = PBXFileReference; explicitFileType = wrapper.cfbundle; includeInIndex = 0; path = PingsTests.xctest; sourceTree = BUILT_PRODUCTS_DIR; };
		4ABF42131BD6942000E836DC /* PingsTests.swift */ = {isa = PBXFileReference; lastKnownFileType = sourcecode.swift; path = PingsTests.swift; sourceTree = "<group>"; };
		4ABF42151BD6942000E836DC /* Info.plist */ = {isa = PBXFileReference; lastKnownFileType = text.plist.xml; path = Info.plist; sourceTree = "<group>"; };
		4ABF421A1BD6942000E836DC /* PingsUITests.xctest */ = {isa = PBXFileReference; explicitFileType = wrapper.cfbundle; includeInIndex = 0; path = PingsUITests.xctest; sourceTree = BUILT_PRODUCTS_DIR; };
		4ABF421E1BD6942000E836DC /* PingsUITests.swift */ = {isa = PBXFileReference; lastKnownFileType = sourcecode.swift; path = PingsUITests.swift; sourceTree = "<group>"; };
		4ABF42201BD6942000E836DC /* Info.plist */ = {isa = PBXFileReference; lastKnownFileType = text.plist.xml; path = Info.plist; sourceTree = "<group>"; };
/* End PBXFileReference section */

/* Begin PBXFrameworksBuildPhase section */
		4ABF41F81BD6942000E836DC /* Frameworks */ = {
			isa = PBXFrameworksBuildPhase;
			buildActionMask = 2147483647;
			files = (
			);
			runOnlyForDeploymentPostprocessing = 0;
		};
		4ABF420C1BD6942000E836DC /* Frameworks */ = {
			isa = PBXFrameworksBuildPhase;
			buildActionMask = 2147483647;
			files = (
			);
			runOnlyForDeploymentPostprocessing = 0;
		};
		4ABF42171BD6942000E836DC /* Frameworks */ = {
			isa = PBXFrameworksBuildPhase;
			buildActionMask = 2147483647;
			files = (
			);
			runOnlyForDeploymentPostprocessing = 0;
		};
/* End PBXFrameworksBuildPhase section */

/* Begin PBXGroup section */
		4ABF41F21BD6942000E836DC = {
			isa = PBXGroup;
			children = (
				4ABF41FD1BD6942000E836DC /* Pings */,
				4ABF42121BD6942000E836DC /* PingsTests */,
				4ABF421D1BD6942000E836DC /* PingsUITests */,
				4ABF41FC1BD6942000E836DC /* Products */,
			);
			sourceTree = "<group>";
		};
		4ABF41FC1BD6942000E836DC /* Products */ = {
			isa = PBXGroup;
			children = (
				4ABF41FB1BD6942000E836DC /* Pings.app */,
				4ABF420F1BD6942000E836DC /* PingsTests.xctest */,
				4ABF421A1BD6942000E836DC /* PingsUITests.xctest */,
			);
			name = Products;
			sourceTree = "<group>";
		};
		4ABF41FD1BD6942000E836DC /* Pings */ = {
			isa = PBXGroup;
			children = (
				4ABF41FE1BD6942000E836DC /* AppDelegate.swift */,
				4ABF42001BD6942000E836DC /* ViewController.swift */,
				4ABF42021BD6942000E836DC /* Main.storyboard */,
				4ABF42051BD6942000E836DC /* Assets.xcassets */,
				4ABF42071BD6942000E836DC /* LaunchScreen.storyboard */,
				4ABF420A1BD6942000E836DC /* Info.plist */,
			);
			path = Pings;
			sourceTree = "<group>";
		};
		4ABF42121BD6942000E836DC /* PingsTests */ = {
			isa = PBXGroup;
			children = (
				4ABF42131BD6942000E836DC /* PingsTests.swift */,
				4ABF42151BD6942000E836DC /* Info.plist */,
			);
			path = PingsTests;
			sourceTree = "<group>";
		};
		4ABF421D1BD6942000E836DC /* PingsUITests */ = {
			isa = PBXGroup;
			children = (
				4ABF421E1BD6942000E836DC /* PingsUITests.swift */,
				4ABF42201BD6942000E836DC /* Info.plist */,
			);
			path = PingsUITests;
			sourceTree = "<group>";
		};
/* End PBXGroup section */

/* Begin PBXNativeTarget section */
		4ABF41FA1BD6942000E836DC /* Pings */ = {
			isa = PBXNativeTarget;
			buildConfigurationList = 4ABF42231BD6942000E836DC /* Build configuration list for PBXNativeTarget "Pings" */;
			buildPhases = (
				4ABF41F71BD6942000E836DC /* Sources */,
				4ABF41F81BD6942000E836DC /* Frameworks */,
				4ABF41F91BD6942000E836DC /* Resources */,
			);
			buildRules = (
			);
			dependencies = (
			);
			name = Pings;
			productName = Pings;
			productReference = 4ABF41FB1BD6942000E836DC /* Pings.app */;
			productType = "com.apple.product-type.application";
		};
		4ABF420E1BD6942000E836DC /* PingsTests */ = {
			isa = PBXNativeTarget;
			buildConfigurationList = 4ABF42261BD6942000E836DC /* Build configuration list for PBXNativeTarget "PingsTests" */;
			buildPhases = (
				4ABF420B1BD6942000E836DC /* Sources */,
				4ABF420C1BD6942000E836DC /* Frameworks */,
				4ABF420D1BD6942000E836DC /* Resources */,
			);
			buildRules = (
			);
			dependencies = (
				4ABF42111BD6942000E836DC /* PBXTargetDependency */,
			);
			name = PingsTests;
			productName = PingsTests;
			productReference = 4ABF420F1BD6942000E836DC /* PingsTests.xctest */;
			productType = "com.apple.product-type.bundle.unit-test";
		};
		4ABF42191BD6942000E836DC /* PingsUITests */ = {
			isa = PBXNativeTarget;
			buildConfigurationList = 4ABF42291BD6942000E836DC /* Build configuration list for PBXNativeTarget "PingsUITests" */;
			buildPhases = (
				4ABF42161BD6942000E836DC /* Sources */,
				4ABF42171BD6942000E836DC /* Frameworks */,
				4ABF42181BD6942000E836DC /* Resources */,
			);
			buildRules = (
			);
			dependencies = (
				4ABF421C1BD6942000E836DC /* PBXTargetDependency */,
			);
			name = PingsUITests;
			productName = PingsUITests;
			productReference = 4ABF421A1BD6942000E836DC /* PingsUITests.xctest */;
			productType = "com.apple.product-type.bundle.ui-testing";
		};
/* End PBXNativeTarget section */

/* Begin PBXProject section */
		4ABF41F31BD6942000E836DC /* Project object */ = {
			isa = PBXProject;
			attributes = {
				LastUpgradeCheck = 0700;
				ORGANIZATIONNAME = nevercry;
				TargetAttributes = {
					4ABF41FA1BD6942000E836DC = {
						CreatedOnToolsVersion = 7.0.1;
						DevelopmentTeam = L8463XAM23;
					};
					4ABF420E1BD6942000E836DC = {
						CreatedOnToolsVersion = 7.0.1;
						DevelopmentTeam = L8463XAM23;
						TestTargetID = 4ABF41FA1BD6942000E836DC;
					};
					4ABF42191BD6942000E836DC = {
						CreatedOnToolsVersion = 7.0.1;
						DevelopmentTeam = L8463XAM23;
						TestTargetID = 4ABF41FA1BD6942000E836DC;
					};
				};
			};
			buildConfigurationList = 4ABF41F61BD6942000E836DC /* Build configuration list for PBXProject "Pings" */;
			compatibilityVersion = "Xcode 3.2";
			developmentRegion = English;
			hasScannedForEncodings = 0;
			knownRegions = (
				en,
				Base,
			);
			mainGroup = 4ABF41F21BD6942000E836DC;
			productRefGroup = 4ABF41FC1BD6942000E836DC /* Products */;
			projectDirPath = "";
			projectRoot = "";
			targets = (
				4ABF41FA1BD6942000E836DC /* Pings */,
				4ABF420E1BD6942000E836DC /* PingsTests */,
				4ABF42191BD6942000E836DC /* PingsUITests */,
			);
		};
/* End PBXProject section */

/* Begin PBXResourcesBuildPhase section */
		4ABF41F91BD6942000E836DC /* Resources */ = {
			isa = PBXResourcesBuildPhase;
			buildActionMask = 2147483647;
			files = (
				4ABF42091BD6942000E836DC /* LaunchScreen.storyboard in Resources */,
				4ABF42061BD6942000E836DC /* Assets.xcassets in Resources */,
				4ABF42041BD6942000E836DC /* Main.storyboard in Resources */,
			);
			runOnlyForDeploymentPostprocessing = 0;
		};
		4ABF420D1BD6942000E836DC /* Resources */ = {
			isa = PBXResourcesBuildPhase;
			buildActionMask = 2147483647;
			files = (
			);
			runOnlyForDeploymentPostprocessing = 0;
		};
		4ABF42181BD6942000E836DC /* Resources */ = {
			isa = PBXResourcesBuildPhase;
			buildActionMask = 2147483647;
			files = (
			);
			runOnlyForDeploymentPostprocessing = 0;
		};
/* End PBXResourcesBuildPhase section */

/* Begin PBXSourcesBuildPhase section */
		4ABF41F71BD6942000E836DC /* Sources */ = {
			isa = PBXSourcesBuildPhase;
			buildActionMask = 2147483647;
			files = (
				4ABF42011BD6942000E836DC /* ViewController.swift in Sources */,
				4ABF41FF1BD6942000E836DC /* AppDelegate.swift in Sources */,
			);
			runOnlyForDeploymentPostprocessing = 0;
		};
		4ABF420B1BD6942000E836DC /* Sources */ = {
			isa = PBXSourcesBuildPhase;
			buildActionMask = 2147483647;
			files = (
				4ABF42141BD6942000E836DC /* PingsTests.swift in Sources */,
			);
			runOnlyForDeploymentPostprocessing = 0;
		};
		4ABF42161BD6942000E836DC /* Sources */ = {
			isa = PBXSourcesBuildPhase;
			buildActionMask = 2147483647;
			files = (
				4ABF421F1BD6942000E836DC /* PingsUITests.swift in Sources */,
			);
			runOnlyForDeploymentPostprocessing = 0;
		};
/* End PBXSourcesBuildPhase section */

/* Begin PBXTargetDependency section */
		4ABF42111BD6942000E836DC /* PBXTargetDependency */ = {
			isa = PBXTargetDependency;
			target = 4ABF41FA1BD6942000E836DC /* Pings */;
			targetProxy = 4ABF42101BD6942000E836DC /* PBXContainerItemProxy */;
		};
		4ABF421C1BD6942000E836DC /* PBXTargetDependency */ = {
			isa = PBXTargetDependency;
			target = 4ABF41FA1BD6942000E836DC /* Pings */;
			targetProxy = 4ABF421B1BD6942000E836DC /* PBXContainerItemProxy */;
		};
/* End PBXTargetDependency section */

/* Begin PBXVariantGroup section */
		4ABF42021BD6942000E836DC /* Main.storyboard */ = {
			isa = PBXVariantGroup;
			children = (
				4ABF42031BD6942000E836DC /* Base */,
			);
			name = Main.storyboard;
			sourceTree = "<group>";
		};
		4ABF42071BD6942000E836DC /* LaunchScreen.storyboard */ = {
			isa = PBXVariantGroup;
			children = (
				4ABF42081BD6942000E836DC /* Base */,
			);
			name = LaunchScreen.storyboard;
			sourceTree = "<group>";
		};
/* End PBXVariantGroup section */

/* Begin XCBuildConfiguration section */
		4ABF42211BD6942000E836DC /* Debug */ = {
			isa = XCBuildConfiguration;
			buildSettings = {
				ALWAYS_SEARCH_USER_PATHS = NO;
				CLANG_CXX_LANGUAGE_STANDARD = "gnu++0x";
				CLANG_CXX_LIBRARY = "libc++";
				CLANG_ENABLE_MODULES = YES;
				CLANG_ENABLE_OBJC_ARC = YES;
				CLANG_WARN_BOOL_CONVERSION = YES;
				CLANG_WARN_CONSTANT_CONVERSION = YES;
				CLANG_WARN_DIRECT_OBJC_ISA_USAGE = YES_ERROR;
				CLANG_WARN_EMPTY_BODY = YES;
				CLANG_WARN_ENUM_CONVERSION = YES;
				CLANG_WARN_INT_CONVERSION = YES;
				CLANG_WARN_OBJC_ROOT_CLASS = YES_ERROR;
				CLANG_WARN_UNREACHABLE_CODE = YES;
				CLANG_WARN__DUPLICATE_METHOD_MATCH = YES;
				"CODE_SIGN_IDENTITY[sdk=iphoneos*]" = "iPhone Developer";
				COPY_PHASE_STRIP = NO;
				DEBUG_INFORMATION_FORMAT = dwarf;
				ENABLE_STRICT_OBJC_MSGSEND = YES;
				ENABLE_TESTABILITY = YES;
				GCC_C_LANGUAGE_STANDARD = gnu99;
				GCC_DYNAMIC_NO_PIC = NO;
				GCC_NO_COMMON_BLOCKS = YES;
				GCC_OPTIMIZATION_LEVEL = 0;
				GCC_PREPROCESSOR_DEFINITIONS = (
					"DEBUG=1",
					"$(inherited)",
				);
				GCC_WARN_64_TO_32_BIT_CONVERSION = YES;
				GCC_WARN_ABOUT_RETURN_TYPE = YES_ERROR;
				GCC_WARN_UNDECLARED_SELECTOR = YES;
				GCC_WARN_UNINITIALIZED_AUTOS = YES_AGGRESSIVE;
				GCC_WARN_UNUSED_FUNCTION = YES;
				GCC_WARN_UNUSED_VARIABLE = YES;
				IPHONEOS_DEPLOYMENT_TARGET = 9.0;
				MTL_ENABLE_DEBUG_INFO = YES;
				ONLY_ACTIVE_ARCH = YES;
				SDKROOT = iphoneos;
				SWIFT_OPTIMIZATION_LEVEL = "-Onone";
				TARGETED_DEVICE_FAMILY = "1,2";
			};
			name = Debug;
		};
		4ABF42221BD6942000E836DC /* Release */ = {
			isa = XCBuildConfiguration;
			buildSettings = {
				ALWAYS_SEARCH_USER_PATHS = NO;
				CLANG_CXX_LANGUAGE_STANDARD = "gnu++0x";
				CLANG_CXX_LIBRARY = "libc++";
				CLANG_ENABLE_MODULES = YES;
				CLANG_ENABLE_OBJC_ARC = YES;
				CLANG_WARN_BOOL_CONVERSION = YES;
				CLANG_WARN_CONSTANT_CONVERSION = YES;
				CLANG_WARN_DIRECT_OBJC_ISA_USAGE = YES_ERROR;
				CLANG_WARN_EMPTY_BODY = YES;
				CLANG_WARN_ENUM_CONVERSION = YES;
				CLANG_WARN_INT_CONVERSION = YES;
				CLANG_WARN_OBJC_ROOT_CLASS = YES_ERROR;
				CLANG_WARN_UNREACHABLE_CODE = YES;
				CLANG_WARN__DUPLICATE_METHOD_MATCH = YES;
				"CODE_SIGN_IDENTITY[sdk=iphoneos*]" = "iPhone Developer";
				COPY_PHASE_STRIP = NO;
				DEBUG_INFORMATION_FORMAT = "dwarf-with-dsym";
				ENABLE_NS_ASSERTIONS = NO;
				ENABLE_STRICT_OBJC_MSGSEND = YES;
				GCC_C_LANGUAGE_STANDARD = gnu99;
				GCC_NO_COMMON_BLOCKS = YES;
				GCC_WARN_64_TO_32_BIT_CONVERSION = YES;
				GCC_WARN_ABOUT_RETURN_TYPE = YES_ERROR;
				GCC_WARN_UNDECLARED_SELECTOR = YES;
				GCC_WARN_UNINITIALIZED_AUTOS = YES_AGGRESSIVE;
				GCC_WARN_UNUSED_FUNCTION = YES;
				GCC_WARN_UNUSED_VARIABLE = YES;
				IPHONEOS_DEPLOYMENT_TARGET = 9.0;
				MTL_ENABLE_DEBUG_INFO = NO;
				SDKROOT = iphoneos;
				TARGETED_DEVICE_FAMILY = "1,2";
				VALIDATE_PRODUCT = YES;
			};
			name = Release;
		};
		4ABF42241BD6942000E836DC /* Debug */ = {
			isa = XCBuildConfiguration;
			buildSettings = {
				ASSETCATALOG_COMPILER_APPICON_NAME = AppIcon;
				INFOPLIST_FILE = Pings/Info.plist;
				LD_RUNPATH_SEARCH_PATHS = "$(inherited) @executable_path/Frameworks";
				PRODUCT_BUNDLE_IDENTIFIER = com.nevercry.Pings;
				PRODUCT_NAME = "$(TARGET_NAME)";
			};
			name = Debug;
		};
		4ABF42251BD6942000E836DC /* Release */ = {
			isa = XCBuildConfiguration;
			buildSettings = {
				ASSETCATALOG_COMPILER_APPICON_NAME = AppIcon;
				INFOPLIST_FILE = Pings/Info.plist;
				LD_RUNPATH_SEARCH_PATHS = "$(inherited) @executable_path/Frameworks";
				PRODUCT_BUNDLE_IDENTIFIER = com.nevercry.Pings;
				PRODUCT_NAME = "$(TARGET_NAME)";
			};
			name = Release;
		};
		4ABF42271BD6942000E836DC /* Debug */ = {
			isa = XCBuildConfiguration;
			buildSettings = {
				BUNDLE_LOADER = "$(TEST_HOST)";
				INFOPLIST_FILE = PingsTests/Info.plist;
				LD_RUNPATH_SEARCH_PATHS = "$(inherited) @executable_path/Frameworks @loader_path/Frameworks";
				PRODUCT_BUNDLE_IDENTIFIER = com.nevercry.PingsTests;
				PRODUCT_NAME = "$(TARGET_NAME)";
				TEST_HOST = "$(BUILT_PRODUCTS_DIR)/Pings.app/Pings";
			};
			name = Debug;
		};
		4ABF42281BD6942000E836DC /* Release */ = {
			isa = XCBuildConfiguration;
			buildSettings = {
				BUNDLE_LOADER = "$(TEST_HOST)";
				INFOPLIST_FILE = PingsTests/Info.plist;
				LD_RUNPATH_SEARCH_PATHS = "$(inherited) @executable_path/Frameworks @loader_path/Frameworks";
				PRODUCT_BUNDLE_IDENTIFIER = com.nevercry.PingsTests;
				PRODUCT_NAME = "$(TARGET_NAME)";
				TEST_HOST = "$(BUILT_PRODUCTS_DIR)/Pings.app/Pings";
			};
			name = Release;
		};
		4ABF422A1BD6942000E836DC /* Debug */ = {
			isa = XCBuildConfiguration;
			buildSettings = {
				INFOPLIST_FILE = PingsUITests/Info.plist;
				LD_RUNPATH_SEARCH_PATHS = "$(inherited) @executable_path/Frameworks @loader_path/Frameworks";
				PRODUCT_BUNDLE_IDENTIFIER = com.nevercry.PingsUITests;
				PRODUCT_NAME = "$(TARGET_NAME)";
				TEST_TARGET_NAME = Pings;
				USES_XCTRUNNER = YES;
			};
			name = Debug;
		};
		4ABF422B1BD6942000E836DC /* Release */ = {
			isa = XCBuildConfiguration;
			buildSettings = {
				INFOPLIST_FILE = PingsUITests/Info.plist;
				LD_RUNPATH_SEARCH_PATHS = "$(inherited) @executable_path/Frameworks @loader_path/Frameworks";
				PRODUCT_BUNDLE_IDENTIFIER = com.nevercry.PingsUITests;
				PRODUCT_NAME = "$(TARGET_NAME)";
				TEST_TARGET_NAME = Pings;
				USES_XCTRUNNER = YES;
			};
			name = Release;
		};
/* End XCBuildConfiguration section */

/* Begin XCConfigurationList section */
		4ABF41F61BD6942000E836DC /* Build configuration list for PBXProject "Pings" */ = {
			isa = XCConfigurationList;
			buildConfigurations = (
				4ABF42211BD6942000E836DC /* Debug */,
				4ABF42221BD6942000E836DC /* Release */,
			);
			defaultConfigurationIsVisible = 0;
			defaultConfigurationName = Release;
		};
		4ABF42231BD6942000E836DC /* Build configuration list for PBXNativeTarget "Pings" */ = {
			isa = XCConfigurationList;
			buildConfigurations = (
				4ABF42241BD6942000E836DC /* Debug */,
				4ABF42251BD6942000E836DC /* Release */,
			);
			defaultConfigurationIsVisible = 0;
		};
		4ABF42261BD6942000E836DC /* Build configuration list for PBXNativeTarget "PingsTests" */ = {
			isa = XCConfigurationList;
			buildConfigurations = (
				4ABF42271BD6942000E836DC /* Debug */,
				4ABF42281BD6942000E836DC /* Release */,
			);
			defaultConfigurationIsVisible = 0;
		};
		4ABF42291BD6942000E836DC /* Build configuration list for PBXNativeTarget "PingsUITests" */ = {
			isa = XCConfigurationList;
			buildConfigurations = (
				4ABF422A1BD6942000E836DC /* Debug */,
				4ABF422B1BD6942000E836DC /* Release */,
			);
			defaultConfigurationIsVisible = 0;
		};
/* End XCConfigurationList section */
	};
	rootObject = 4ABF41F31BD6942000E836DC /* Project object */;
}
