// !$*UTF8*$!
{
	archiveVersion = 1;
	classes = {
	};
	objectVersion = 46;
	objects = {

/* Begin PBXBuildFile section */
		48EFEA511F59A126AEAB31F1 /* Pods_PingsUITests.framework in Frameworks */ = {isa = PBXBuildFile; fileRef = 984572CBFA87D40090EAC229 /* Pods_PingsUITests.framework */; };
		49547F51BB9E2601E49B4000 /* Pods_Pings.framework in Frameworks */ = {isa = PBXBuildFile; fileRef = 7EFD0A4421371889F5C571F9 /* Pods_Pings.framework */; };
		4A08505A1D78DCF30008203A /* GoogleService-Info.plist in Resources */ = {isa = PBXBuildFile; fileRef = 4A0850591D78DCF30008203A /* GoogleService-Info.plist */; };
		4A2E5ADD1C03483D00FAC67C /* BannerViewController.swift in Sources */ = {isa = PBXBuildFile; fileRef = 4A2E5ADC1C03483D00FAC67C /* BannerViewController.swift */; };
		4A2E5ADF1C03FBC000FAC67C /* StoreKit.framework in Frameworks */ = {isa = PBXBuildFile; fileRef = 4A2E5ADE1C03FBC000FAC67C /* StoreKit.framework */; };
		4A5876791C047E4D0045143C /* IAPHelper.swift in Sources */ = {isa = PBXBuildFile; fileRef = 4A5876781C047E4D0045143C /* IAPHelper.swift */; };
		4A58767B1C04B70C0045143C /* PingsProducts.swift in Sources */ = {isa = PBXBuildFile; fileRef = 4A58767A1C04B70C0045143C /* PingsProducts.swift */; };
		4A7212A11BFC73C6002D166B /* FileListTableViewController+UIViewControllerPreviewing.swift in Sources */ = {isa = PBXBuildFile; fileRef = 4A7212A01BFC73C6002D166B /* FileListTableViewController+UIViewControllerPreviewing.swift */; };
		4A7212A31BFCEE45002D166B /* EditHostTableViewController.swift in Sources */ = {isa = PBXBuildFile; fileRef = 4A7212A21BFCEE45002D166B /* EditHostTableViewController.swift */; };
		4A7212AA1BFF2D67002D166B /* Interface.storyboard in Resources */ = {isa = PBXBuildFile; fileRef = 4A7212A81BFF2D67002D166B /* Interface.storyboard */; };
		4A7212AC1BFF2D67002D166B /* Assets.xcassets in Resources */ = {isa = PBXBuildFile; fileRef = 4A7212AB1BFF2D67002D166B /* Assets.xcassets */; };
		4A7212B31BFF2D67002D166B /* PingsWatch Extension.appex in Embed App Extensions */ = {isa = PBXBuildFile; fileRef = 4A7212B21BFF2D67002D166B /* PingsWatch Extension.appex */; settings = {ATTRIBUTES = (RemoveHeadersOnCopy, ); }; };
		4A7212BA1BFF2D67002D166B /* InterfaceController.swift in Sources */ = {isa = PBXBuildFile; fileRef = 4A7212B91BFF2D67002D166B /* InterfaceController.swift */; };
		4A7212BC1BFF2D67002D166B /* ExtensionDelegate.swift in Sources */ = {isa = PBXBuildFile; fileRef = 4A7212BB1BFF2D67002D166B /* ExtensionDelegate.swift */; };
		4A7212BE1BFF2D67002D166B /* NotificationController.swift in Sources */ = {isa = PBXBuildFile; fileRef = 4A7212BD1BFF2D67002D166B /* NotificationController.swift */; };
		4A7212C01BFF2D67002D166B /* GlanceController.swift in Sources */ = {isa = PBXBuildFile; fileRef = 4A7212BF1BFF2D67002D166B /* GlanceController.swift */; };
		4A7212C21BFF2D67002D166B /* Assets.xcassets in Resources */ = {isa = PBXBuildFile; fileRef = 4A7212C11BFF2D67002D166B /* Assets.xcassets */; };
		4A7212C61BFF2D67002D166B /* PingsWatch.app in Embed Watch Content */ = {isa = PBXBuildFile; fileRef = 4A7212A61BFF2D67002D166B /* PingsWatch.app */; };
		4A7EEDE61C058F7B001D7A18 /* EditOrCreateConfigFileTableViewController.swift in Sources */ = {isa = PBXBuildFile; fileRef = 4A7EEDE51C058F7B001D7A18 /* EditOrCreateConfigFileTableViewController.swift */; };
		4A7EEDE81C05AD2E001D7A18 /* FileIOHelper.swift in Sources */ = {isa = PBXBuildFile; fileRef = 4A7EEDE71C05AD2E001D7A18 /* FileIOHelper.swift */; };
		4A9C89481BF61A0500D4EF6A /* PingsConstants.swift in Sources */ = {isa = PBXBuildFile; fileRef = 4A9C89471BF61A0500D4EF6A /* PingsConstants.swift */; };
		4A9C89651BFA0D7300D4EF6A /* NotificationCenter.framework in Frameworks */ = {isa = PBXBuildFile; fileRef = 4A9C89641BFA0D7300D4EF6A /* NotificationCenter.framework */; };
		4A9C89681BFA0D7300D4EF6A /* TodayViewController.swift in Sources */ = {isa = PBXBuildFile; fileRef = 4A9C89671BFA0D7300D4EF6A /* TodayViewController.swift */; };
		4A9C896B1BFA0D7300D4EF6A /* MainInterface.storyboard in Resources */ = {isa = PBXBuildFile; fileRef = 4A9C89691BFA0D7300D4EF6A /* MainInterface.storyboard */; };
		4A9C896F1BFA0D7300D4EF6A /* Pings Widget.appex in Embed App Extensions */ = {isa = PBXBuildFile; fileRef = 4A9C89631BFA0D7300D4EF6A /* Pings Widget.appex */; settings = {ATTRIBUTES = (RemoveHeadersOnCopy, ); }; };
		4A9D95491C00327F005740A4 /* PingsSharedDataLayer.h in Headers */ = {isa = PBXBuildFile; fileRef = 4A9D95481C00327F005740A4 /* PingsSharedDataLayer.h */; settings = {ATTRIBUTES = (Public, ); }; };
		4A9D954D1C00327F005740A4 /* PingsSharedDataLayer.framework in Frameworks */ = {isa = PBXBuildFile; fileRef = 4A9D95461C00327F005740A4 /* PingsSharedDataLayer.framework */; };
		4A9D954E1C00327F005740A4 /* PingsSharedDataLayer.framework in Embed Frameworks */ = {isa = PBXBuildFile; fileRef = 4A9D95461C00327F005740A4 /* PingsSharedDataLayer.framework */; settings = {ATTRIBUTES = (CodeSignOnCopy, RemoveHeadersOnCopy, ); }; };
		4A9D95531C00330C005740A4 /* Host.swift in Sources */ = {isa = PBXBuildFile; fileRef = 4A9F558D1BD7819C00175F82 /* Host.swift */; };
		4A9F558A1BD75AAA00175F82 /* PingsTableViewController.swift in Sources */ = {isa = PBXBuildFile; fileRef = 4A9F55891BD75AAA00175F82 /* PingsTableViewController.swift */; };
		4A9F558C1BD75F1200175F82 /* AddHostTableViewController.swift in Sources */ = {isa = PBXBuildFile; fileRef = 4A9F558B1BD75F1200175F82 /* AddHostTableViewController.swift */; };
		4A9F55951BD7DAC400175F82 /* DirectoryWatcher.m in Sources */ = {isa = PBXBuildFile; fileRef = 4A9F55941BD7DAC400175F82 /* DirectoryWatcher.m */; };
		4A9F55981BD7DFD300175F82 /* FileListTableViewController.swift in Sources */ = {isa = PBXBuildFile; fileRef = 4A9F55971BD7DFD300175F82 /* FileListTableViewController.swift */; };
		4ABF41FF1BD6942000E836DC /* AppDelegate.swift in Sources */ = {isa = PBXBuildFile; fileRef = 4ABF41FE1BD6942000E836DC /* AppDelegate.swift */; };
		4ABF42041BD6942000E836DC /* Main.storyboard in Resources */ = {isa = PBXBuildFile; fileRef = 4ABF42021BD6942000E836DC /* Main.storyboard */; };
		4ABF42061BD6942000E836DC /* Assets.xcassets in Resources */ = {isa = PBXBuildFile; fileRef = 4ABF42051BD6942000E836DC /* Assets.xcassets */; };
		4ABF42091BD6942000E836DC /* LaunchScreen.storyboard in Resources */ = {isa = PBXBuildFile; fileRef = 4ABF42071BD6942000E836DC /* LaunchScreen.storyboard */; };
		4ABF42141BD6942000E836DC /* PingsTests.swift in Sources */ = {isa = PBXBuildFile; fileRef = 4ABF42131BD6942000E836DC /* PingsTests.swift */; };
		4ABF421F1BD6942000E836DC /* PingsUITests.swift in Sources */ = {isa = PBXBuildFile; fileRef = 4ABF421E1BD6942000E836DC /* PingsUITests.swift */; };
		4AD3B7B61C00436500348BCF /* WatchSessionManager.swift in Sources */ = {isa = PBXBuildFile; fileRef = 4AD3B7B41C003BD700348BCF /* WatchSessionManager.swift */; };
		4AD3B7B81C0044EE00348BCF /* WatchSessionManager.swift in Sources */ = {isa = PBXBuildFile; fileRef = 4AD3B7B71C0044EE00348BCF /* WatchSessionManager.swift */; };
		4AD3B7BA1C004F1A00348BCF /* DataSource.swift in Sources */ = {isa = PBXBuildFile; fileRef = 4AD3B7B91C004F1A00348BCF /* DataSource.swift */; };
		92AFA83EE000A15D0F3B6663 /* Pods_PingsTests.framework in Frameworks */ = {isa = PBXBuildFile; fileRef = 6F70B0176435523FD2456C0A /* Pods_PingsTests.framework */; };
/* End PBXBuildFile section */

/* Begin PBXContainerItemProxy section */
		4A7212B41BFF2D67002D166B /* PBXContainerItemProxy */ = {
			isa = PBXContainerItemProxy;
			containerPortal = 4ABF41F31BD6942000E836DC /* Project object */;
			proxyType = 1;
			remoteGlobalIDString = 4A7212B11BFF2D67002D166B;
			remoteInfo = "PingsWatch Extension";
		};
		4A7212C41BFF2D67002D166B /* PBXContainerItemProxy */ = {
			isa = PBXContainerItemProxy;
			containerPortal = 4ABF41F31BD6942000E836DC /* Project object */;
			proxyType = 1;
			remoteGlobalIDString = 4A7212A51BFF2D67002D166B;
			remoteInfo = PingsWatch;
		};
		4A9C896D1BFA0D7300D4EF6A /* PBXContainerItemProxy */ = {
			isa = PBXContainerItemProxy;
			containerPortal = 4ABF41F31BD6942000E836DC /* Project object */;
			proxyType = 1;
			remoteGlobalIDString = 4A9C89621BFA0D7300D4EF6A;
			remoteInfo = "Pings Widget";
		};
		4A9D954B1C00327F005740A4 /* PBXContainerItemProxy */ = {
			isa = PBXContainerItemProxy;
			containerPortal = 4ABF41F31BD6942000E836DC /* Project object */;
			proxyType = 1;
			remoteGlobalIDString = 4A9D95451C00327F005740A4;
			remoteInfo = PingsSharedDataLayer;
		};
		4ABF42101BD6942000E836DC /* PBXContainerItemProxy */ = {
			isa = PBXContainerItemProxy;
			containerPortal = 4ABF41F31BD6942000E836DC /* Project object */;
			proxyType = 1;
			remoteGlobalIDString = 4ABF41FA1BD6942000E836DC;
			remoteInfo = Pings;
		};
		4ABF421B1BD6942000E836DC /* PBXContainerItemProxy */ = {
			isa = PBXContainerItemProxy;
			containerPortal = 4ABF41F31BD6942000E836DC /* Project object */;
			proxyType = 1;
			remoteGlobalIDString = 4ABF41FA1BD6942000E836DC;
			remoteInfo = Pings;
		};
/* End PBXContainerItemProxy section */

/* Begin PBXCopyFilesBuildPhase section */
		4A7212CA1BFF2D67002D166B /* Embed App Extensions */ = {
			isa = PBXCopyFilesBuildPhase;
			buildActionMask = 2147483647;
			dstPath = "";
			dstSubfolderSpec = 13;
			files = (
				4A7212B31BFF2D67002D166B /* PingsWatch Extension.appex in Embed App Extensions */,
			);
			name = "Embed App Extensions";
			runOnlyForDeploymentPostprocessing = 0;
		};
		4A7212CE1BFF2D67002D166B /* Embed Watch Content */ = {
			isa = PBXCopyFilesBuildPhase;
			buildActionMask = 2147483647;
			dstPath = "$(CONTENTS_FOLDER_PATH)/Watch";
			dstSubfolderSpec = 16;
			files = (
				4A7212C61BFF2D67002D166B /* PingsWatch.app in Embed Watch Content */,
			);
			name = "Embed Watch Content";
			runOnlyForDeploymentPostprocessing = 0;
		};
		4A9C89731BFA0D7300D4EF6A /* Embed App Extensions */ = {
			isa = PBXCopyFilesBuildPhase;
			buildActionMask = 2147483647;
			dstPath = "";
			dstSubfolderSpec = 13;
			files = (
				4A9C896F1BFA0D7300D4EF6A /* Pings Widget.appex in Embed App Extensions */,
			);
			name = "Embed App Extensions";
			runOnlyForDeploymentPostprocessing = 0;
		};
		4A9D95521C00327F005740A4 /* Embed Frameworks */ = {
			isa = PBXCopyFilesBuildPhase;
			buildActionMask = 2147483647;
			dstPath = "";
			dstSubfolderSpec = 10;
			files = (
				4A9D954E1C00327F005740A4 /* PingsSharedDataLayer.framework in Embed Frameworks */,
			);
			name = "Embed Frameworks";
			runOnlyForDeploymentPostprocessing = 0;
		};
/* End PBXCopyFilesBuildPhase section */

/* Begin PBXFileReference section */
		4A0850591D78DCF30008203A /* GoogleService-Info.plist */ = {isa = PBXFileReference; fileEncoding = 4; lastKnownFileType = text.plist.xml; path = "GoogleService-Info.plist"; sourceTree = SOURCE_ROOT; };
		4A2E5ADC1C03483D00FAC67C /* BannerViewController.swift */ = {isa = PBXFileReference; fileEncoding = 4; lastKnownFileType = sourcecode.swift; path = BannerViewController.swift; sourceTree = "<group>"; };
		4A2E5ADE1C03FBC000FAC67C /* StoreKit.framework */ = {isa = PBXFileReference; lastKnownFileType = wrapper.framework; name = StoreKit.framework; path = System/Library/Frameworks/StoreKit.framework; sourceTree = SDKROOT; };
		4A5876781C047E4D0045143C /* IAPHelper.swift */ = {isa = PBXFileReference; fileEncoding = 4; lastKnownFileType = sourcecode.swift; path = IAPHelper.swift; sourceTree = "<group>"; };
		4A58767A1C04B70C0045143C /* PingsProducts.swift */ = {isa = PBXFileReference; fileEncoding = 4; lastKnownFileType = sourcecode.swift; path = PingsProducts.swift; sourceTree = "<group>"; };
		4A7212A01BFC73C6002D166B /* FileListTableViewController+UIViewControllerPreviewing.swift */ = {isa = PBXFileReference; fileEncoding = 4; lastKnownFileType = sourcecode.swift; path = "FileListTableViewController+UIViewControllerPreviewing.swift"; sourceTree = "<group>"; };
		4A7212A21BFCEE45002D166B /* EditHostTableViewController.swift */ = {isa = PBXFileReference; fileEncoding = 4; lastKnownFileType = sourcecode.swift; path = EditHostTableViewController.swift; sourceTree = "<group>"; };
		4A7212A61BFF2D67002D166B /* PingsWatch.app */ = {isa = PBXFileReference; explicitFileType = wrapper.application; includeInIndex = 0; path = PingsWatch.app; sourceTree = BUILT_PRODUCTS_DIR; };
		4A7212A91BFF2D67002D166B /* Base */ = {isa = PBXFileReference; lastKnownFileType = file.storyboard; name = Base; path = Base.lproj/Interface.storyboard; sourceTree = "<group>"; };
		4A7212AB1BFF2D67002D166B /* Assets.xcassets */ = {isa = PBXFileReference; lastKnownFileType = folder.assetcatalog; path = Assets.xcassets; sourceTree = "<group>"; };
		4A7212AD1BFF2D67002D166B /* Info.plist */ = {isa = PBXFileReference; lastKnownFileType = text.plist.xml; path = Info.plist; sourceTree = "<group>"; };
		4A7212B21BFF2D67002D166B /* PingsWatch Extension.appex */ = {isa = PBXFileReference; explicitFileType = "wrapper.app-extension"; includeInIndex = 0; path = "PingsWatch Extension.appex"; sourceTree = BUILT_PRODUCTS_DIR; };
		4A7212B81BFF2D67002D166B /* PushNotificationPayload.apns */ = {isa = PBXFileReference; lastKnownFileType = text; path = PushNotificationPayload.apns; sourceTree = "<group>"; };
		4A7212B91BFF2D67002D166B /* InterfaceController.swift */ = {isa = PBXFileReference; lastKnownFileType = sourcecode.swift; path = InterfaceController.swift; sourceTree = "<group>"; };
		4A7212BB1BFF2D67002D166B /* ExtensionDelegate.swift */ = {isa = PBXFileReference; lastKnownFileType = sourcecode.swift; path = ExtensionDelegate.swift; sourceTree = "<group>"; };
		4A7212BD1BFF2D67002D166B /* NotificationController.swift */ = {isa = PBXFileReference; lastKnownFileType = sourcecode.swift; path = NotificationController.swift; sourceTree = "<group>"; };
		4A7212BF1BFF2D67002D166B /* GlanceController.swift */ = {isa = PBXFileReference; lastKnownFileType = sourcecode.swift; path = GlanceController.swift; sourceTree = "<group>"; };
		4A7212C11BFF2D67002D166B /* Assets.xcassets */ = {isa = PBXFileReference; lastKnownFileType = folder.assetcatalog; path = Assets.xcassets; sourceTree = "<group>"; };
		4A7212C31BFF2D67002D166B /* Info.plist */ = {isa = PBXFileReference; lastKnownFileType = text.plist.xml; path = Info.plist; sourceTree = "<group>"; };
		4A7EEDE51C058F7B001D7A18 /* EditOrCreateConfigFileTableViewController.swift */ = {isa = PBXFileReference; fileEncoding = 4; lastKnownFileType = sourcecode.swift; path = EditOrCreateConfigFileTableViewController.swift; sourceTree = "<group>"; };
		4A7EEDE71C05AD2E001D7A18 /* FileIOHelper.swift */ = {isa = PBXFileReference; fileEncoding = 4; lastKnownFileType = sourcecode.swift; path = FileIOHelper.swift; sourceTree = "<group>"; };
		4A9C89471BF61A0500D4EF6A /* PingsConstants.swift */ = {isa = PBXFileReference; fileEncoding = 4; lastKnownFileType = sourcecode.swift; path = PingsConstants.swift; sourceTree = "<group>"; };
		4A9C89631BFA0D7300D4EF6A /* Pings Widget.appex */ = {isa = PBXFileReference; explicitFileType = "wrapper.app-extension"; includeInIndex = 0; path = "Pings Widget.appex"; sourceTree = BUILT_PRODUCTS_DIR; };
		4A9C89641BFA0D7300D4EF6A /* NotificationCenter.framework */ = {isa = PBXFileReference; lastKnownFileType = wrapper.framework; name = NotificationCenter.framework; path = System/Library/Frameworks/NotificationCenter.framework; sourceTree = SDKROOT; };
		4A9C89671BFA0D7300D4EF6A /* TodayViewController.swift */ = {isa = PBXFileReference; lastKnownFileType = sourcecode.swift; path = TodayViewController.swift; sourceTree = "<group>"; };
		4A9C896A1BFA0D7300D4EF6A /* Base */ = {isa = PBXFileReference; lastKnownFileType = file.storyboard; name = Base; path = Base.lproj/MainInterface.storyboard; sourceTree = "<group>"; };
		4A9C896C1BFA0D7300D4EF6A /* Info.plist */ = {isa = PBXFileReference; lastKnownFileType = text.plist.xml; path = Info.plist; sourceTree = "<group>"; };
		4A9D95461C00327F005740A4 /* PingsSharedDataLayer.framework */ = {isa = PBXFileReference; explicitFileType = wrapper.framework; includeInIndex = 0; path = PingsSharedDataLayer.framework; sourceTree = BUILT_PRODUCTS_DIR; };
		4A9D95481C00327F005740A4 /* PingsSharedDataLayer.h */ = {isa = PBXFileReference; lastKnownFileType = sourcecode.c.h; path = PingsSharedDataLayer.h; sourceTree = "<group>"; };
		4A9D954A1C00327F005740A4 /* Info.plist */ = {isa = PBXFileReference; lastKnownFileType = text.plist.xml; path = Info.plist; sourceTree = "<group>"; };
		4A9F55891BD75AAA00175F82 /* PingsTableViewController.swift */ = {isa = PBXFileReference; fileEncoding = 4; lastKnownFileType = sourcecode.swift; path = PingsTableViewController.swift; sourceTree = "<group>"; };
		4A9F558B1BD75F1200175F82 /* AddHostTableViewController.swift */ = {isa = PBXFileReference; fileEncoding = 4; lastKnownFileType = sourcecode.swift; path = AddHostTableViewController.swift; sourceTree = "<group>"; };
		4A9F558D1BD7819C00175F82 /* Host.swift */ = {isa = PBXFileReference; fileEncoding = 4; lastKnownFileType = sourcecode.swift; name = Host.swift; path = ../Pings/Host.swift; sourceTree = "<group>"; };
		4A9F55901BD7D9F500175F82 /* Pings-Bridging-Header.h */ = {isa = PBXFileReference; lastKnownFileType = sourcecode.c.h; path = "Pings-Bridging-Header.h"; sourceTree = "<group>"; };
		4A9F55931BD7DAC400175F82 /* DirectoryWatcher.h */ = {isa = PBXFileReference; fileEncoding = 4; lastKnownFileType = sourcecode.c.h; path = DirectoryWatcher.h; sourceTree = "<group>"; };
		4A9F55941BD7DAC400175F82 /* DirectoryWatcher.m */ = {isa = PBXFileReference; fileEncoding = 4; lastKnownFileType = sourcecode.c.objc; path = DirectoryWatcher.m; sourceTree = "<group>"; };
		4A9F55971BD7DFD300175F82 /* FileListTableViewController.swift */ = {isa = PBXFileReference; fileEncoding = 4; lastKnownFileType = sourcecode.swift; path = FileListTableViewController.swift; sourceTree = "<group>"; };
		4ABF41FB1BD6942000E836DC /* Pings.app */ = {isa = PBXFileReference; explicitFileType = wrapper.application; includeInIndex = 0; path = Pings.app; sourceTree = BUILT_PRODUCTS_DIR; };
		4ABF41FE1BD6942000E836DC /* AppDelegate.swift */ = {isa = PBXFileReference; lastKnownFileType = sourcecode.swift; path = AppDelegate.swift; sourceTree = "<group>"; };
		4ABF42031BD6942000E836DC /* Base */ = {isa = PBXFileReference; lastKnownFileType = file.storyboard; name = Base; path = Base.lproj/Main.storyboard; sourceTree = "<group>"; };
		4ABF42051BD6942000E836DC /* Assets.xcassets */ = {isa = PBXFileReference; lastKnownFileType = folder.assetcatalog; path = Assets.xcassets; sourceTree = "<group>"; };
		4ABF42081BD6942000E836DC /* Base */ = {isa = PBXFileReference; lastKnownFileType = file.storyboard; name = Base; path = Base.lproj/LaunchScreen.storyboard; sourceTree = "<group>"; };
		4ABF420A1BD6942000E836DC /* Info.plist */ = {isa = PBXFileReference; lastKnownFileType = text.plist.xml; path = Info.plist; sourceTree = "<group>"; };
		4ABF420F1BD6942000E836DC /* PingsTests.xctest */ = {isa = PBXFileReference; explicitFileType = wrapper.cfbundle; includeInIndex = 0; path = PingsTests.xctest; sourceTree = BUILT_PRODUCTS_DIR; };
		4ABF42131BD6942000E836DC /* PingsTests.swift */ = {isa = PBXFileReference; lastKnownFileType = sourcecode.swift; path = PingsTests.swift; sourceTree = "<group>"; };
		4ABF42151BD6942000E836DC /* Info.plist */ = {isa = PBXFileReference; lastKnownFileType = text.plist.xml; path = Info.plist; sourceTree = "<group>"; };
		4ABF421A1BD6942000E836DC /* PingsUITests.xctest */ = {isa = PBXFileReference; explicitFileType = wrapper.cfbundle; includeInIndex = 0; path = PingsUITests.xctest; sourceTree = BUILT_PRODUCTS_DIR; };
		4ABF421E1BD6942000E836DC /* PingsUITests.swift */ = {isa = PBXFileReference; lastKnownFileType = sourcecode.swift; path = PingsUITests.swift; sourceTree = "<group>"; };
		4ABF42201BD6942000E836DC /* Info.plist */ = {isa = PBXFileReference; lastKnownFileType = text.plist.xml; path = Info.plist; sourceTree = "<group>"; };
		4AD3B7B41C003BD700348BCF /* WatchSessionManager.swift */ = {isa = PBXFileReference; fileEncoding = 4; lastKnownFileType = sourcecode.swift; name = WatchSessionManager.swift; path = PingsSharedDataLayer/WatchSessionManager.swift; sourceTree = SOURCE_ROOT; };
		4AD3B7B71C0044EE00348BCF /* WatchSessionManager.swift */ = {isa = PBXFileReference; fileEncoding = 4; lastKnownFileType = sourcecode.swift; path = WatchSessionManager.swift; sourceTree = "<group>"; };
		4AD3B7B91C004F1A00348BCF /* DataSource.swift */ = {isa = PBXFileReference; fileEncoding = 4; lastKnownFileType = sourcecode.swift; path = DataSource.swift; sourceTree = "<group>"; };
		4F58B792354426A6D179CD3F /* Pods-PingsUITests.release.xcconfig */ = {isa = PBXFileReference; includeInIndex = 1; lastKnownFileType = text.xcconfig; name = "Pods-PingsUITests.release.xcconfig"; path = "Pods/Target Support Files/Pods-PingsUITests/Pods-PingsUITests.release.xcconfig"; sourceTree = "<group>"; };
		6A15C6B598269F835D5AAD93 /* Pods-Pings.release.xcconfig */ = {isa = PBXFileReference; includeInIndex = 1; lastKnownFileType = text.xcconfig; name = "Pods-Pings.release.xcconfig"; path = "Pods/Target Support Files/Pods-Pings/Pods-Pings.release.xcconfig"; sourceTree = "<group>"; };
		6F70B0176435523FD2456C0A /* Pods_PingsTests.framework */ = {isa = PBXFileReference; explicitFileType = wrapper.framework; includeInIndex = 0; path = Pods_PingsTests.framework; sourceTree = BUILT_PRODUCTS_DIR; };
		7EFD0A4421371889F5C571F9 /* Pods_Pings.framework */ = {isa = PBXFileReference; explicitFileType = wrapper.framework; includeInIndex = 0; path = Pods_Pings.framework; sourceTree = BUILT_PRODUCTS_DIR; };
		8F583F4C69CDBB0571B418E7 /* Pods-PingsTests.release.xcconfig */ = {isa = PBXFileReference; includeInIndex = 1; lastKnownFileType = text.xcconfig; name = "Pods-PingsTests.release.xcconfig"; path = "Pods/Target Support Files/Pods-PingsTests/Pods-PingsTests.release.xcconfig"; sourceTree = "<group>"; };
		984572CBFA87D40090EAC229 /* Pods_PingsUITests.framework */ = {isa = PBXFileReference; explicitFileType = wrapper.framework; includeInIndex = 0; path = Pods_PingsUITests.framework; sourceTree = BUILT_PRODUCTS_DIR; };
		A5145D3FA015A57B2D53094E /* Pods-Pings.debug.xcconfig */ = {isa = PBXFileReference; includeInIndex = 1; lastKnownFileType = text.xcconfig; name = "Pods-Pings.debug.xcconfig"; path = "Pods/Target Support Files/Pods-Pings/Pods-Pings.debug.xcconfig"; sourceTree = "<group>"; };
		EF9743B69014525AE85C2C3F /* Pods-PingsTests.debug.xcconfig */ = {isa = PBXFileReference; includeInIndex = 1; lastKnownFileType = text.xcconfig; name = "Pods-PingsTests.debug.xcconfig"; path = "Pods/Target Support Files/Pods-PingsTests/Pods-PingsTests.debug.xcconfig"; sourceTree = "<group>"; };
		FEAA741F8E9B3248E7415B7B /* Pods-PingsUITests.debug.xcconfig */ = {isa = PBXFileReference; includeInIndex = 1; lastKnownFileType = text.xcconfig; name = "Pods-PingsUITests.debug.xcconfig"; path = "Pods/Target Support Files/Pods-PingsUITests/Pods-PingsUITests.debug.xcconfig"; sourceTree = "<group>"; };
/* End PBXFileReference section */

/* Begin PBXFrameworksBuildPhase section */
		4888277920423F0D1E0BB143 /* Frameworks */ = {
			isa = PBXFrameworksBuildPhase;
			buildActionMask = 2147483647;
			files = (
			);
			runOnlyForDeploymentPostprocessing = 0;
		};
		4A7212AF1BFF2D67002D166B /* Frameworks */ = {
			isa = PBXFrameworksBuildPhase;
			buildActionMask = 2147483647;
			files = (
			);
			runOnlyForDeploymentPostprocessing = 0;
		};
		4A9C89601BFA0D7300D4EF6A /* Frameworks */ = {
			isa = PBXFrameworksBuildPhase;
			buildActionMask = 2147483647;
			files = (
				4A9C89651BFA0D7300D4EF6A /* NotificationCenter.framework in Frameworks */,
			);
			runOnlyForDeploymentPostprocessing = 0;
		};
		4A9D95421C00327F005740A4 /* Frameworks */ = {
			isa = PBXFrameworksBuildPhase;
			buildActionMask = 2147483647;
			files = (
			);
			runOnlyForDeploymentPostprocessing = 0;
		};
		4ABF41F81BD6942000E836DC /* Frameworks */ = {
			isa = PBXFrameworksBuildPhase;
			buildActionMask = 2147483647;
			files = (
				4A9D954D1C00327F005740A4 /* PingsSharedDataLayer.framework in Frameworks */,
				4A2E5ADF1C03FBC000FAC67C /* StoreKit.framework in Frameworks */,
				49547F51BB9E2601E49B4000 /* Pods_Pings.framework in Frameworks */,
			);
			runOnlyForDeploymentPostprocessing = 0;
		};
		4ABF420C1BD6942000E836DC /* Frameworks */ = {
			isa = PBXFrameworksBuildPhase;
			buildActionMask = 2147483647;
			files = (
				92AFA83EE000A15D0F3B6663 /* Pods_PingsTests.framework in Frameworks */,
			);
			runOnlyForDeploymentPostprocessing = 0;
		};
		4ABF42171BD6942000E836DC /* Frameworks */ = {
			isa = PBXFrameworksBuildPhase;
			buildActionMask = 2147483647;
			files = (
				48EFEA511F59A126AEAB31F1 /* Pods_PingsUITests.framework in Frameworks */,
			);
			runOnlyForDeploymentPostprocessing = 0;
		};
/* End PBXFrameworksBuildPhase section */

/* Begin PBXGroup section */
		4A7212A71BFF2D67002D166B /* PingsWatch */ = {
			isa = PBXGroup;
			children = (
				4A7212A81BFF2D67002D166B /* Interface.storyboard */,
				4A7212AB1BFF2D67002D166B /* Assets.xcassets */,
				4A7212AD1BFF2D67002D166B /* Info.plist */,
			);
			path = PingsWatch;
			sourceTree = "<group>";
		};
		4A7212B61BFF2D67002D166B /* PingsWatch Extension */ = {
			isa = PBXGroup;
			children = (
				4AD3B7B91C004F1A00348BCF /* DataSource.swift */,
				4AD3B7B71C0044EE00348BCF /* WatchSessionManager.swift */,
				4A7212B91BFF2D67002D166B /* InterfaceController.swift */,
				4A7212BB1BFF2D67002D166B /* ExtensionDelegate.swift */,
				4A7212BD1BFF2D67002D166B /* NotificationController.swift */,
				4A7212BF1BFF2D67002D166B /* GlanceController.swift */,
				4A7212C11BFF2D67002D166B /* Assets.xcassets */,
				4A7212C31BFF2D67002D166B /* Info.plist */,
				4A7212B71BFF2D67002D166B /* Supporting Files */,
			);
			path = "PingsWatch Extension";
			sourceTree = "<group>";
		};
		4A7212B71BFF2D67002D166B /* Supporting Files */ = {
			isa = PBXGroup;
			children = (
				4A7212B81BFF2D67002D166B /* PushNotificationPayload.apns */,
			);
			name = "Supporting Files";
			sourceTree = "<group>";
		};
		4A9C89661BFA0D7300D4EF6A /* Pings Widget */ = {
			isa = PBXGroup;
			children = (
				4A9C89671BFA0D7300D4EF6A /* TodayViewController.swift */,
				4A9C89691BFA0D7300D4EF6A /* MainInterface.storyboard */,
				4A9C896C1BFA0D7300D4EF6A /* Info.plist */,
			);
			path = "Pings Widget";
			sourceTree = "<group>";
		};
		4A9D95471C00327F005740A4 /* PingsSharedDataLayer */ = {
			isa = PBXGroup;
			children = (
				4A9D95481C00327F005740A4 /* PingsSharedDataLayer.h */,
				4A9F558D1BD7819C00175F82 /* Host.swift */,
				4A9D954A1C00327F005740A4 /* Info.plist */,
			);
			path = PingsSharedDataLayer;
			sourceTree = "<group>";
		};
		4A9F55961BD7DB4200175F82 /* ObjC */ = {
			isa = PBXGroup;
			children = (
				4A9F55931BD7DAC400175F82 /* DirectoryWatcher.h */,
				4A9F55941BD7DAC400175F82 /* DirectoryWatcher.m */,
			);
			name = ObjC;
			sourceTree = "<group>";
		};
		4ABF41F21BD6942000E836DC = {
			isa = PBXGroup;
			children = (
				4ABF41FD1BD6942000E836DC /* Pings */,
				4ABF42121BD6942000E836DC /* PingsTests */,
				4ABF421D1BD6942000E836DC /* PingsUITests */,
				4A9C89661BFA0D7300D4EF6A /* Pings Widget */,
				4A7212A71BFF2D67002D166B /* PingsWatch */,
				4A7212B61BFF2D67002D166B /* PingsWatch Extension */,
				4A9D95471C00327F005740A4 /* PingsSharedDataLayer */,
				4ABF41FC1BD6942000E836DC /* Products */,
				85FE06F751782006530C413F /* Frameworks */,
				DA41BDE08001A4E4FF3B4438 /* Pods */,
			);
			sourceTree = "<group>";
		};
		4ABF41FC1BD6942000E836DC /* Products */ = {
			isa = PBXGroup;
			children = (
				4ABF41FB1BD6942000E836DC /* Pings.app */,
				4ABF420F1BD6942000E836DC /* PingsTests.xctest */,
				4ABF421A1BD6942000E836DC /* PingsUITests.xctest */,
				4A9C89631BFA0D7300D4EF6A /* Pings Widget.appex */,
				4A7212A61BFF2D67002D166B /* PingsWatch.app */,
				4A7212B21BFF2D67002D166B /* PingsWatch Extension.appex */,
				4A9D95461C00327F005740A4 /* PingsSharedDataLayer.framework */,
			);
			name = Products;
			sourceTree = "<group>";
		};
		4ABF41FD1BD6942000E836DC /* Pings */ = {
			isa = PBXGroup;
			children = (
				4AD3B7B41C003BD700348BCF /* WatchSessionManager.swift */,
				4A9C89471BF61A0500D4EF6A /* PingsConstants.swift */,
				4A58767A1C04B70C0045143C /* PingsProducts.swift */,
				4A5876781C047E4D0045143C /* IAPHelper.swift */,
				4A7EEDE71C05AD2E001D7A18 /* FileIOHelper.swift */,
				4ABF41FE1BD6942000E836DC /* AppDelegate.swift */,
				4ABF42021BD6942000E836DC /* Main.storyboard */,
				4A9F55971BD7DFD300175F82 /* FileListTableViewController.swift */,
				4A7EEDE51C058F7B001D7A18 /* EditOrCreateConfigFileTableViewController.swift */,
				4A7212A01BFC73C6002D166B /* FileListTableViewController+UIViewControllerPreviewing.swift */,
				4A9F55891BD75AAA00175F82 /* PingsTableViewController.swift */,
				4A2E5ADC1C03483D00FAC67C /* BannerViewController.swift */,
				4A9F558B1BD75F1200175F82 /* AddHostTableViewController.swift */,
				4A7212A21BFCEE45002D166B /* EditHostTableViewController.swift */,
				4ABF42051BD6942000E836DC /* Assets.xcassets */,
				4ABF42071BD6942000E836DC /* LaunchScreen.storyboard */,
				4ABF420A1BD6942000E836DC /* Info.plist */,
				4A0850591D78DCF30008203A /* GoogleService-Info.plist */,
				4A9F55901BD7D9F500175F82 /* Pings-Bridging-Header.h */,
				4A9F55961BD7DB4200175F82 /* ObjC */,
			);
			path = Pings;
			sourceTree = "<group>";
		};
		4ABF42121BD6942000E836DC /* PingsTests */ = {
			isa = PBXGroup;
			children = (
				4ABF42131BD6942000E836DC /* PingsTests.swift */,
				4ABF42151BD6942000E836DC /* Info.plist */,
			);
			path = PingsTests;
			sourceTree = "<group>";
		};
		4ABF421D1BD6942000E836DC /* PingsUITests */ = {
			isa = PBXGroup;
			children = (
				4ABF421E1BD6942000E836DC /* PingsUITests.swift */,
				4ABF42201BD6942000E836DC /* Info.plist */,
			);
			path = PingsUITests;
			sourceTree = "<group>";
		};
		85FE06F751782006530C413F /* Frameworks */ = {
			isa = PBXGroup;
			children = (
				4A2E5ADE1C03FBC000FAC67C /* StoreKit.framework */,
				4A9C89641BFA0D7300D4EF6A /* NotificationCenter.framework */,
				7EFD0A4421371889F5C571F9 /* Pods_Pings.framework */,
				6F70B0176435523FD2456C0A /* Pods_PingsTests.framework */,
				984572CBFA87D40090EAC229 /* Pods_PingsUITests.framework */,
			);
			name = Frameworks;
			sourceTree = "<group>";
		};
		DA41BDE08001A4E4FF3B4438 /* Pods */ = {
			isa = PBXGroup;
			children = (
				A5145D3FA015A57B2D53094E /* Pods-Pings.debug.xcconfig */,
				6A15C6B598269F835D5AAD93 /* Pods-Pings.release.xcconfig */,
				EF9743B69014525AE85C2C3F /* Pods-PingsTests.debug.xcconfig */,
				8F583F4C69CDBB0571B418E7 /* Pods-PingsTests.release.xcconfig */,
				FEAA741F8E9B3248E7415B7B /* Pods-PingsUITests.debug.xcconfig */,
				4F58B792354426A6D179CD3F /* Pods-PingsUITests.release.xcconfig */,
			);
			name = Pods;
			sourceTree = "<group>";
		};
/* End PBXGroup section */

/* Begin PBXHeadersBuildPhase section */
		4A9D95431C00327F005740A4 /* Headers */ = {
			isa = PBXHeadersBuildPhase;
			buildActionMask = 2147483647;
			files = (
				4A9D95491C00327F005740A4 /* PingsSharedDataLayer.h in Headers */,
			);
			runOnlyForDeploymentPostprocessing = 0;
		};
/* End PBXHeadersBuildPhase section */

/* Begin PBXNativeTarget section */
		4A7212A51BFF2D67002D166B /* PingsWatch */ = {
			isa = PBXNativeTarget;
			buildConfigurationList = 4A7212CB1BFF2D67002D166B /* Build configuration list for PBXNativeTarget "PingsWatch" */;
			buildPhases = (
				4A7212A41BFF2D67002D166B /* Resources */,
				4A7212CA1BFF2D67002D166B /* Embed App Extensions */,
				4888277920423F0D1E0BB143 /* Frameworks */,
			);
			buildRules = (
			);
			dependencies = (
				4A7212B51BFF2D67002D166B /* PBXTargetDependency */,
			);
			name = PingsWatch;
			productName = PingsWatch;
			productReference = 4A7212A61BFF2D67002D166B /* PingsWatch.app */;
			productType = "com.apple.product-type.application.watchapp2";
		};
		4A7212B11BFF2D67002D166B /* PingsWatch Extension */ = {
			isa = PBXNativeTarget;
			buildConfigurationList = 4A7212C71BFF2D67002D166B /* Build configuration list for PBXNativeTarget "PingsWatch Extension" */;
			buildPhases = (
				4A7212AE1BFF2D67002D166B /* Sources */,
				4A7212AF1BFF2D67002D166B /* Frameworks */,
				4A7212B01BFF2D67002D166B /* Resources */,
			);
			buildRules = (
			);
			dependencies = (
			);
			name = "PingsWatch Extension";
			productName = "PingsWatch Extension";
			productReference = 4A7212B21BFF2D67002D166B /* PingsWatch Extension.appex */;
			productType = "com.apple.product-type.watchkit2-extension";
		};
		4A9C89621BFA0D7300D4EF6A /* Pings Widget */ = {
			isa = PBXNativeTarget;
			buildConfigurationList = 4A9C89721BFA0D7300D4EF6A /* Build configuration list for PBXNativeTarget "Pings Widget" */;
			buildPhases = (
				4A9C895F1BFA0D7300D4EF6A /* Sources */,
				4A9C89601BFA0D7300D4EF6A /* Frameworks */,
				4A9C89611BFA0D7300D4EF6A /* Resources */,
			);
			buildRules = (
			);
			dependencies = (
			);
			name = "Pings Widget";
			productName = "Pings Widget";
			productReference = 4A9C89631BFA0D7300D4EF6A /* Pings Widget.appex */;
			productType = "com.apple.product-type.app-extension";
		};
		4A9D95451C00327F005740A4 /* PingsSharedDataLayer */ = {
			isa = PBXNativeTarget;
			buildConfigurationList = 4A9D95511C00327F005740A4 /* Build configuration list for PBXNativeTarget "PingsSharedDataLayer" */;
			buildPhases = (
				4A9D95411C00327F005740A4 /* Sources */,
				4A9D95421C00327F005740A4 /* Frameworks */,
				4A9D95431C00327F005740A4 /* Headers */,
				4A9D95441C00327F005740A4 /* Resources */,
			);
			buildRules = (
			);
			dependencies = (
			);
			name = PingsSharedDataLayer;
			productName = PingsSharedDataLayer;
			productReference = 4A9D95461C00327F005740A4 /* PingsSharedDataLayer.framework */;
			productType = "com.apple.product-type.framework";
		};
		4ABF41FA1BD6942000E836DC /* Pings */ = {
			isa = PBXNativeTarget;
			buildConfigurationList = 4ABF42231BD6942000E836DC /* Build configuration list for PBXNativeTarget "Pings" */;
			buildPhases = (
				99731BEFB81773556565C38A /* 📦 Check Pods Manifest.lock */,
				4ABF41F71BD6942000E836DC /* Sources */,
				4ABF41F81BD6942000E836DC /* Frameworks */,
				4ABF41F91BD6942000E836DC /* Resources */,
				4A9C89731BFA0D7300D4EF6A /* Embed App Extensions */,
				4A7212CE1BFF2D67002D166B /* Embed Watch Content */,
				4A9D95521C00327F005740A4 /* Embed Frameworks */,
				FDB6EB2CEBB584739DDCB16B /* 📦 Embed Pods Frameworks */,
				FA46BE1A9E234E121F24EC2F /* 📦 Copy Pods Resources */,
			);
			buildRules = (
			);
			dependencies = (
				4A9C896E1BFA0D7300D4EF6A /* PBXTargetDependency */,
				4A7212C51BFF2D67002D166B /* PBXTargetDependency */,
				4A9D954C1C00327F005740A4 /* PBXTargetDependency */,
			);
			name = Pings;
			productName = Pings;
			productReference = 4ABF41FB1BD6942000E836DC /* Pings.app */;
			productType = "com.apple.product-type.application";
		};
		4ABF420E1BD6942000E836DC /* PingsTests */ = {
			isa = PBXNativeTarget;
			buildConfigurationList = 4ABF42261BD6942000E836DC /* Build configuration list for PBXNativeTarget "PingsTests" */;
			buildPhases = (
				8A6FA78180375FEBED2BBE9A /* 📦 Check Pods Manifest.lock */,
				4ABF420B1BD6942000E836DC /* Sources */,
				4ABF420C1BD6942000E836DC /* Frameworks */,
				4ABF420D1BD6942000E836DC /* Resources */,
				7ACE0D0B7A626786CAAF12D3 /* 📦 Embed Pods Frameworks */,
				56D4511242E393741DBAE1E1 /* 📦 Copy Pods Resources */,
			);
			buildRules = (
			);
			dependencies = (
				4ABF42111BD6942000E836DC /* PBXTargetDependency */,
			);
			name = PingsTests;
			productName = PingsTests;
			productReference = 4ABF420F1BD6942000E836DC /* PingsTests.xctest */;
			productType = "com.apple.product-type.bundle.unit-test";
		};
		4ABF42191BD6942000E836DC /* PingsUITests */ = {
			isa = PBXNativeTarget;
			buildConfigurationList = 4ABF42291BD6942000E836DC /* Build configuration list for PBXNativeTarget "PingsUITests" */;
			buildPhases = (
				8F4BD46B26BDDCF95C6A7A21 /* 📦 Check Pods Manifest.lock */,
				4ABF42161BD6942000E836DC /* Sources */,
				4ABF42171BD6942000E836DC /* Frameworks */,
				4ABF42181BD6942000E836DC /* Resources */,
				499B7971FB4EA657683A3C15 /* 📦 Copy Pods Resources */,
			);
			buildRules = (
			);
			dependencies = (
				4ABF421C1BD6942000E836DC /* PBXTargetDependency */,
			);
			name = PingsUITests;
			productName = PingsUITests;
			productReference = 4ABF421A1BD6942000E836DC /* PingsUITests.xctest */;
			productType = "com.apple.product-type.bundle.ui-testing";
		};
/* End PBXNativeTarget section */

/* Begin PBXProject section */
		4ABF41F31BD6942000E836DC /* Project object */ = {
			isa = PBXProject;
			attributes = {
				LastSwiftUpdateCheck = 0710;
				LastUpgradeCheck = 0700;
				ORGANIZATIONNAME = nevercry;
				TargetAttributes = {
					4A7212A51BFF2D67002D166B = {
						CreatedOnToolsVersion = 7.1.1;
						DevelopmentTeam = L8463XAM23;
					};
					4A7212B11BFF2D67002D166B = {
						CreatedOnToolsVersion = 7.1.1;
						DevelopmentTeam = L8463XAM23;
					};
					4A9C89621BFA0D7300D4EF6A = {
						CreatedOnToolsVersion = 7.1.1;
						DevelopmentTeam = L8463XAM23;
					};
					4A9D95451C00327F005740A4 = {
						CreatedOnToolsVersion = 7.1.1;
						DevelopmentTeam = L8463XAM23;
					};
					4ABF41FA1BD6942000E836DC = {
						CreatedOnToolsVersion = 7.0.1;
						DevelopmentTeam = L8463XAM23;
						SystemCapabilities = {
							com.apple.InAppPurchase = {
								enabled = 1;
							};
						};
					};
					4ABF420E1BD6942000E836DC = {
						CreatedOnToolsVersion = 7.0.1;
						DevelopmentTeam = L8463XAM23;
						TestTargetID = 4ABF41FA1BD6942000E836DC;
					};
					4ABF42191BD6942000E836DC = {
						CreatedOnToolsVersion = 7.0.1;
						DevelopmentTeam = L8463XAM23;
						TestTargetID = 4ABF41FA1BD6942000E836DC;
					};
				};
			};
			buildConfigurationList = 4ABF41F61BD6942000E836DC /* Build configuration list for PBXProject "Pings" */;
			compatibilityVersion = "Xcode 3.2";
			developmentRegion = English;
			hasScannedForEncodings = 0;
			knownRegions = (
				en,
				Base,
			);
			mainGroup = 4ABF41F21BD6942000E836DC;
			productRefGroup = 4ABF41FC1BD6942000E836DC /* Products */;
			projectDirPath = "";
			projectRoot = "";
			targets = (
				4ABF41FA1BD6942000E836DC /* Pings */,
				4ABF420E1BD6942000E836DC /* PingsTests */,
				4ABF42191BD6942000E836DC /* PingsUITests */,
				4A9C89621BFA0D7300D4EF6A /* Pings Widget */,
				4A7212A51BFF2D67002D166B /* PingsWatch */,
				4A7212B11BFF2D67002D166B /* PingsWatch Extension */,
				4A9D95451C00327F005740A4 /* PingsSharedDataLayer */,
			);
		};
/* End PBXProject section */

/* Begin PBXResourcesBuildPhase section */
		4A7212A41BFF2D67002D166B /* Resources */ = {
			isa = PBXResourcesBuildPhase;
			buildActionMask = 2147483647;
			files = (
				4A7212AC1BFF2D67002D166B /* Assets.xcassets in Resources */,
				4A7212AA1BFF2D67002D166B /* Interface.storyboard in Resources */,
			);
			runOnlyForDeploymentPostprocessing = 0;
		};
		4A7212B01BFF2D67002D166B /* Resources */ = {
			isa = PBXResourcesBuildPhase;
			buildActionMask = 2147483647;
			files = (
				4A7212C21BFF2D67002D166B /* Assets.xcassets in Resources */,
			);
			runOnlyForDeploymentPostprocessing = 0;
		};
		4A9C89611BFA0D7300D4EF6A /* Resources */ = {
			isa = PBXResourcesBuildPhase;
			buildActionMask = 2147483647;
			files = (
				4A9C896B1BFA0D7300D4EF6A /* MainInterface.storyboard in Resources */,
			);
			runOnlyForDeploymentPostprocessing = 0;
		};
		4A9D95441C00327F005740A4 /* Resources */ = {
			isa = PBXResourcesBuildPhase;
			buildActionMask = 2147483647;
			files = (
			);
			runOnlyForDeploymentPostprocessing = 0;
		};
		4ABF41F91BD6942000E836DC /* Resources */ = {
			isa = PBXResourcesBuildPhase;
			buildActionMask = 2147483647;
			files = (
				4ABF42091BD6942000E836DC /* LaunchScreen.storyboard in Resources */,
				4A08505A1D78DCF30008203A /* GoogleService-Info.plist in Resources */,
				4ABF42061BD6942000E836DC /* Assets.xcassets in Resources */,
				4ABF42041BD6942000E836DC /* Main.storyboard in Resources */,
			);
			runOnlyForDeploymentPostprocessing = 0;
		};
		4ABF420D1BD6942000E836DC /* Resources */ = {
			isa = PBXResourcesBuildPhase;
			buildActionMask = 2147483647;
			files = (
			);
			runOnlyForDeploymentPostprocessing = 0;
		};
		4ABF42181BD6942000E836DC /* Resources */ = {
			isa = PBXResourcesBuildPhase;
			buildActionMask = 2147483647;
			files = (
			);
			runOnlyForDeploymentPostprocessing = 0;
		};
/* End PBXResourcesBuildPhase section */

/* Begin PBXShellScriptBuildPhase section */
		499B7971FB4EA657683A3C15 /* 📦 Copy Pods Resources */ = {
			isa = PBXShellScriptBuildPhase;
			buildActionMask = 2147483647;
			files = (
			);
			inputPaths = (
			);
			name = "📦 Copy Pods Resources";
			outputPaths = (
			);
			runOnlyForDeploymentPostprocessing = 0;
			shellPath = /bin/sh;
			shellScript = "\"${SRCROOT}/Pods/Target Support Files/Pods-PingsUITests/Pods-PingsUITests-resources.sh\"\n";
			showEnvVarsInLog = 0;
		};
		56D4511242E393741DBAE1E1 /* 📦 Copy Pods Resources */ = {
			isa = PBXShellScriptBuildPhase;
			buildActionMask = 2147483647;
			files = (
			);
			inputPaths = (
			);
			name = "📦 Copy Pods Resources";
			outputPaths = (
			);
			runOnlyForDeploymentPostprocessing = 0;
			shellPath = /bin/sh;
			shellScript = "\"${SRCROOT}/Pods/Target Support Files/Pods-PingsTests/Pods-PingsTests-resources.sh\"\n";
			showEnvVarsInLog = 0;
		};
		7ACE0D0B7A626786CAAF12D3 /* 📦 Embed Pods Frameworks */ = {
			isa = PBXShellScriptBuildPhase;
			buildActionMask = 2147483647;
			files = (
			);
			inputPaths = (
			);
			name = "📦 Embed Pods Frameworks";
			outputPaths = (
			);
			runOnlyForDeploymentPostprocessing = 0;
			shellPath = /bin/sh;
			shellScript = "\"${SRCROOT}/Pods/Target Support Files/Pods-PingsTests/Pods-PingsTests-frameworks.sh\"\n";
			showEnvVarsInLog = 0;
		};
		8A6FA78180375FEBED2BBE9A /* 📦 Check Pods Manifest.lock */ = {
			isa = PBXShellScriptBuildPhase;
			buildActionMask = 2147483647;
			files = (
			);
			inputPaths = (
			);
			name = "📦 Check Pods Manifest.lock";
			outputPaths = (
			);
			runOnlyForDeploymentPostprocessing = 0;
			shellPath = /bin/sh;
			shellScript = "diff \"${PODS_ROOT}/../Podfile.lock\" \"${PODS_ROOT}/Manifest.lock\" > /dev/null\nif [[ $? != 0 ]] ; then\n    cat << EOM\nerror: The sandbox is not in sync with the Podfile.lock. Run 'pod install' or update your CocoaPods installation.\nEOM\n    exit 1\nfi\n";
			showEnvVarsInLog = 0;
		};
		8F4BD46B26BDDCF95C6A7A21 /* 📦 Check Pods Manifest.lock */ = {
			isa = PBXShellScriptBuildPhase;
			buildActionMask = 2147483647;
			files = (
			);
			inputPaths = (
			);
			name = "📦 Check Pods Manifest.lock";
			outputPaths = (
			);
			runOnlyForDeploymentPostprocessing = 0;
			shellPath = /bin/sh;
			shellScript = "diff \"${PODS_ROOT}/../Podfile.lock\" \"${PODS_ROOT}/Manifest.lock\" > /dev/null\nif [[ $? != 0 ]] ; then\n    cat << EOM\nerror: The sandbox is not in sync with the Podfile.lock. Run 'pod install' or update your CocoaPods installation.\nEOM\n    exit 1\nfi\n";
			showEnvVarsInLog = 0;
		};
		99731BEFB81773556565C38A /* 📦 Check Pods Manifest.lock */ = {
			isa = PBXShellScriptBuildPhase;
			buildActionMask = 2147483647;
			files = (
			);
			inputPaths = (
			);
			name = "📦 Check Pods Manifest.lock";
			outputPaths = (
			);
			runOnlyForDeploymentPostprocessing = 0;
			shellPath = /bin/sh;
			shellScript = "diff \"${PODS_ROOT}/../Podfile.lock\" \"${PODS_ROOT}/Manifest.lock\" > /dev/null\nif [[ $? != 0 ]] ; then\n    cat << EOM\nerror: The sandbox is not in sync with the Podfile.lock. Run 'pod install' or update your CocoaPods installation.\nEOM\n    exit 1\nfi\n";
			showEnvVarsInLog = 0;
		};
		FA46BE1A9E234E121F24EC2F /* 📦 Copy Pods Resources */ = {
			isa = PBXShellScriptBuildPhase;
			buildActionMask = 2147483647;
			files = (
			);
			inputPaths = (
			);
			name = "📦 Copy Pods Resources";
			outputPaths = (
			);
			runOnlyForDeploymentPostprocessing = 0;
			shellPath = /bin/sh;
			shellScript = "\"${SRCROOT}/Pods/Target Support Files/Pods-Pings/Pods-Pings-resources.sh\"\n";
			showEnvVarsInLog = 0;
		};
		FDB6EB2CEBB584739DDCB16B /* 📦 Embed Pods Frameworks */ = {
			isa = PBXShellScriptBuildPhase;
			buildActionMask = 2147483647;
			files = (
			);
			inputPaths = (
			);
			name = "📦 Embed Pods Frameworks";
			outputPaths = (
			);
			runOnlyForDeploymentPostprocessing = 0;
			shellPath = /bin/sh;
			shellScript = "\"${SRCROOT}/Pods/Target Support Files/Pods-Pings/Pods-Pings-frameworks.sh\"\n";
			showEnvVarsInLog = 0;
		};
/* End PBXShellScriptBuildPhase section */

/* Begin PBXSourcesBuildPhase section */
		4A7212AE1BFF2D67002D166B /* Sources */ = {
			isa = PBXSourcesBuildPhase;
			buildActionMask = 2147483647;
			files = (
				4AD3B7BA1C004F1A00348BCF /* DataSource.swift in Sources */,
				4A7212BE1BFF2D67002D166B /* NotificationController.swift in Sources */,
				4A7212BC1BFF2D67002D166B /* ExtensionDelegate.swift in Sources */,
				4A7212BA1BFF2D67002D166B /* InterfaceController.swift in Sources */,
				4A7212C01BFF2D67002D166B /* GlanceController.swift in Sources */,
				4AD3B7B81C0044EE00348BCF /* WatchSessionManager.swift in Sources */,
			);
			runOnlyForDeploymentPostprocessing = 0;
		};
		4A9C895F1BFA0D7300D4EF6A /* Sources */ = {
			isa = PBXSourcesBuildPhase;
			buildActionMask = 2147483647;
			files = (
				4A9C89681BFA0D7300D4EF6A /* TodayViewController.swift in Sources */,
			);
			runOnlyForDeploymentPostprocessing = 0;
		};
		4A9D95411C00327F005740A4 /* Sources */ = {
			isa = PBXSourcesBuildPhase;
			buildActionMask = 2147483647;
			files = (
				4A9D95531C00330C005740A4 /* Host.swift in Sources */,
			);
			runOnlyForDeploymentPostprocessing = 0;
		};
		4ABF41F71BD6942000E836DC /* Sources */ = {
			isa = PBXSourcesBuildPhase;
			buildActionMask = 2147483647;
			files = (
				4A5876791C047E4D0045143C /* IAPHelper.swift in Sources */,
				4A2E5ADD1C03483D00FAC67C /* BannerViewController.swift in Sources */,
				4ABF41FF1BD6942000E836DC /* AppDelegate.swift in Sources */,
				4A9F558C1BD75F1200175F82 /* AddHostTableViewController.swift in Sources */,
				4A7212A11BFC73C6002D166B /* FileListTableViewController+UIViewControllerPreviewing.swift in Sources */,
				4A9F558A1BD75AAA00175F82 /* PingsTableViewController.swift in Sources */,
				4A9F55981BD7DFD300175F82 /* FileListTableViewController.swift in Sources */,
				4A58767B1C04B70C0045143C /* PingsProducts.swift in Sources */,
				4A7212A31BFCEE45002D166B /* EditHostTableViewController.swift in Sources */,
				4AD3B7B61C00436500348BCF /* WatchSessionManager.swift in Sources */,
				4A9F55951BD7DAC400175F82 /* DirectoryWatcher.m in Sources */,
				4A7EEDE81C05AD2E001D7A18 /* FileIOHelper.swift in Sources */,
				4A9C89481BF61A0500D4EF6A /* PingsConstants.swift in Sources */,
				4A7EEDE61C058F7B001D7A18 /* EditOrCreateConfigFileTableViewController.swift in Sources */,
			);
			runOnlyForDeploymentPostprocessing = 0;
		};
		4ABF420B1BD6942000E836DC /* Sources */ = {
			isa = PBXSourcesBuildPhase;
			buildActionMask = 2147483647;
			files = (
				4ABF42141BD6942000E836DC /* PingsTests.swift in Sources */,
			);
			runOnlyForDeploymentPostprocessing = 0;
		};
		4ABF42161BD6942000E836DC /* Sources */ = {
			isa = PBXSourcesBuildPhase;
			buildActionMask = 2147483647;
			files = (
				4ABF421F1BD6942000E836DC /* PingsUITests.swift in Sources */,
			);
			runOnlyForDeploymentPostprocessing = 0;
		};
/* End PBXSourcesBuildPhase section */

/* Begin PBXTargetDependency section */
		4A7212B51BFF2D67002D166B /* PBXTargetDependency */ = {
			isa = PBXTargetDependency;
			target = 4A7212B11BFF2D67002D166B /* PingsWatch Extension */;
			targetProxy = 4A7212B41BFF2D67002D166B /* PBXContainerItemProxy */;
		};
		4A7212C51BFF2D67002D166B /* PBXTargetDependency */ = {
			isa = PBXTargetDependency;
			target = 4A7212A51BFF2D67002D166B /* PingsWatch */;
			targetProxy = 4A7212C41BFF2D67002D166B /* PBXContainerItemProxy */;
		};
		4A9C896E1BFA0D7300D4EF6A /* PBXTargetDependency */ = {
			isa = PBXTargetDependency;
			target = 4A9C89621BFA0D7300D4EF6A /* Pings Widget */;
			targetProxy = 4A9C896D1BFA0D7300D4EF6A /* PBXContainerItemProxy */;
		};
		4A9D954C1C00327F005740A4 /* PBXTargetDependency */ = {
			isa = PBXTargetDependency;
			target = 4A9D95451C00327F005740A4 /* PingsSharedDataLayer */;
			targetProxy = 4A9D954B1C00327F005740A4 /* PBXContainerItemProxy */;
		};
		4ABF42111BD6942000E836DC /* PBXTargetDependency */ = {
			isa = PBXTargetDependency;
			target = 4ABF41FA1BD6942000E836DC /* Pings */;
			targetProxy = 4ABF42101BD6942000E836DC /* PBXContainerItemProxy */;
		};
		4ABF421C1BD6942000E836DC /* PBXTargetDependency */ = {
			isa = PBXTargetDependency;
			target = 4ABF41FA1BD6942000E836DC /* Pings */;
			targetProxy = 4ABF421B1BD6942000E836DC /* PBXContainerItemProxy */;
		};
/* End PBXTargetDependency section */

/* Begin PBXVariantGroup section */
		4A7212A81BFF2D67002D166B /* Interface.storyboard */ = {
			isa = PBXVariantGroup;
			children = (
				4A7212A91BFF2D67002D166B /* Base */,
			);
			name = Interface.storyboard;
			sourceTree = "<group>";
		};
		4A9C89691BFA0D7300D4EF6A /* MainInterface.storyboard */ = {
			isa = PBXVariantGroup;
			children = (
				4A9C896A1BFA0D7300D4EF6A /* Base */,
			);
			name = MainInterface.storyboard;
			sourceTree = "<group>";
		};
		4ABF42021BD6942000E836DC /* Main.storyboard */ = {
			isa = PBXVariantGroup;
			children = (
				4ABF42031BD6942000E836DC /* Base */,
			);
			name = Main.storyboard;
			sourceTree = "<group>";
		};
		4ABF42071BD6942000E836DC /* LaunchScreen.storyboard */ = {
			isa = PBXVariantGroup;
			children = (
				4ABF42081BD6942000E836DC /* Base */,
			);
			name = LaunchScreen.storyboard;
			sourceTree = "<group>";
		};
/* End PBXVariantGroup section */

/* Begin XCBuildConfiguration section */
		4A7212C81BFF2D67002D166B /* Debug */ = {
			isa = XCBuildConfiguration;
			buildSettings = {
				INFOPLIST_FILE = "PingsWatch Extension/Info.plist";
				LD_RUNPATH_SEARCH_PATHS = "$(inherited) @executable_path/Frameworks @executable_path/../../Frameworks";
				PRODUCT_BUNDLE_IDENTIFIER = com.nevercry.Pings.watchkitapp.watchkitextension;
				PRODUCT_NAME = "${TARGET_NAME}";
				SDKROOT = watchos;
				SKIP_INSTALL = YES;
				TARGETED_DEVICE_FAMILY = 4;
				WATCHOS_DEPLOYMENT_TARGET = 2.0;
			};
			name = Debug;
		};
		4A7212C91BFF2D67002D166B /* Release */ = {
			isa = XCBuildConfiguration;
			buildSettings = {
				INFOPLIST_FILE = "PingsWatch Extension/Info.plist";
				LD_RUNPATH_SEARCH_PATHS = "$(inherited) @executable_path/Frameworks @executable_path/../../Frameworks";
				PRODUCT_BUNDLE_IDENTIFIER = com.nevercry.Pings.watchkitapp.watchkitextension;
				PRODUCT_NAME = "${TARGET_NAME}";
				SDKROOT = watchos;
				SKIP_INSTALL = YES;
				TARGETED_DEVICE_FAMILY = 4;
				WATCHOS_DEPLOYMENT_TARGET = 2.0;
			};
			name = Release;
		};
		4A7212CC1BFF2D67002D166B /* Debug */ = {
			isa = XCBuildConfiguration;
			buildSettings = {
				ASSETCATALOG_COMPILER_APPICON_NAME = AppIcon;
				EMBEDDED_CONTENT_CONTAINS_SWIFT = YES;
				IBSC_MODULE = PingsWatch_Extension;
				INFOPLIST_FILE = PingsWatch/Info.plist;
				PRODUCT_BUNDLE_IDENTIFIER = com.nevercry.Pings.watchkitapp;
				PRODUCT_NAME = "$(TARGET_NAME)";
				SDKROOT = watchos;
				SKIP_INSTALL = YES;
				TARGETED_DEVICE_FAMILY = 4;
				WATCHOS_DEPLOYMENT_TARGET = 2.0;
			};
			name = Debug;
		};
		4A7212CD1BFF2D67002D166B /* Release */ = {
			isa = XCBuildConfiguration;
			buildSettings = {
				ASSETCATALOG_COMPILER_APPICON_NAME = AppIcon;
				EMBEDDED_CONTENT_CONTAINS_SWIFT = YES;
				IBSC_MODULE = PingsWatch_Extension;
				INFOPLIST_FILE = PingsWatch/Info.plist;
				PRODUCT_BUNDLE_IDENTIFIER = com.nevercry.Pings.watchkitapp;
				PRODUCT_NAME = "$(TARGET_NAME)";
				SDKROOT = watchos;
				SKIP_INSTALL = YES;
				TARGETED_DEVICE_FAMILY = 4;
				WATCHOS_DEPLOYMENT_TARGET = 2.0;
			};
			name = Release;
		};
		4A9C89701BFA0D7300D4EF6A /* Debug */ = {
			isa = XCBuildConfiguration;
			buildSettings = {
				INFOPLIST_FILE = "Pings Widget/Info.plist";
				IPHONEOS_DEPLOYMENT_TARGET = 9.1;
				LD_RUNPATH_SEARCH_PATHS = "$(inherited) @executable_path/Frameworks @executable_path/../../Frameworks";
				PRODUCT_BUNDLE_IDENTIFIER = "com.nevercry.Pings.Pings-Widget";
				PRODUCT_NAME = "$(TARGET_NAME)";
				SKIP_INSTALL = YES;
			};
			name = Debug;
		};
		4A9C89711BFA0D7300D4EF6A /* Release */ = {
			isa = XCBuildConfiguration;
			buildSettings = {
				INFOPLIST_FILE = "Pings Widget/Info.plist";
				IPHONEOS_DEPLOYMENT_TARGET = 9.1;
				LD_RUNPATH_SEARCH_PATHS = "$(inherited) @executable_path/Frameworks @executable_path/../../Frameworks";
				PRODUCT_BUNDLE_IDENTIFIER = "com.nevercry.Pings.Pings-Widget";
				PRODUCT_NAME = "$(TARGET_NAME)";
				SKIP_INSTALL = YES;
			};
			name = Release;
		};
		4A9D954F1C00327F005740A4 /* Debug */ = {
			isa = XCBuildConfiguration;
			buildSettings = {
				CURRENT_PROJECT_VERSION = 1;
				DEFINES_MODULE = YES;
				DYLIB_COMPATIBILITY_VERSION = 1;
				DYLIB_CURRENT_VERSION = 1;
				DYLIB_INSTALL_NAME_BASE = "@rpath";
				INFOPLIST_FILE = PingsSharedDataLayer/Info.plist;
				INSTALL_PATH = "$(LOCAL_LIBRARY_DIR)/Frameworks";
				IPHONEOS_DEPLOYMENT_TARGET = 9.1;
				LD_RUNPATH_SEARCH_PATHS = "$(inherited) @executable_path/Frameworks @loader_path/Frameworks";
				PRODUCT_BUNDLE_IDENTIFIER = com.nevercry.PingsSharedDataLayer;
				PRODUCT_NAME = "$(TARGET_NAME)";
				SKIP_INSTALL = YES;
				VERSIONING_SYSTEM = "apple-generic";
				VERSION_INFO_PREFIX = "";
			};
			name = Debug;
		};
		4A9D95501C00327F005740A4 /* Release */ = {
			isa = XCBuildConfiguration;
			buildSettings = {
				CURRENT_PROJECT_VERSION = 1;
				DEFINES_MODULE = YES;
				DYLIB_COMPATIBILITY_VERSION = 1;
				DYLIB_CURRENT_VERSION = 1;
				DYLIB_INSTALL_NAME_BASE = "@rpath";
				INFOPLIST_FILE = PingsSharedDataLayer/Info.plist;
				INSTALL_PATH = "$(LOCAL_LIBRARY_DIR)/Frameworks";
				IPHONEOS_DEPLOYMENT_TARGET = 9.1;
				LD_RUNPATH_SEARCH_PATHS = "$(inherited) @executable_path/Frameworks @loader_path/Frameworks";
				PRODUCT_BUNDLE_IDENTIFIER = com.nevercry.PingsSharedDataLayer;
				PRODUCT_NAME = "$(TARGET_NAME)";
				SKIP_INSTALL = YES;
				VERSIONING_SYSTEM = "apple-generic";
				VERSION_INFO_PREFIX = "";
			};
			name = Release;
		};
		4ABF42211BD6942000E836DC /* Debug */ = {
			isa = XCBuildConfiguration;
			buildSettings = {
				ALWAYS_SEARCH_USER_PATHS = NO;
				CLANG_CXX_LANGUAGE_STANDARD = "gnu++0x";
				CLANG_CXX_LIBRARY = "libc++";
				CLANG_ENABLE_MODULES = YES;
				CLANG_ENABLE_OBJC_ARC = YES;
				CLANG_WARN_BOOL_CONVERSION = YES;
				CLANG_WARN_CONSTANT_CONVERSION = YES;
				CLANG_WARN_DIRECT_OBJC_ISA_USAGE = YES_ERROR;
				CLANG_WARN_EMPTY_BODY = YES;
				CLANG_WARN_ENUM_CONVERSION = YES;
				CLANG_WARN_INT_CONVERSION = YES;
				CLANG_WARN_OBJC_ROOT_CLASS = YES_ERROR;
				CLANG_WARN_UNREACHABLE_CODE = YES;
				CLANG_WARN__DUPLICATE_METHOD_MATCH = YES;
				"CODE_SIGN_IDENTITY[sdk=iphoneos*]" = "iPhone Developer";
				COPY_PHASE_STRIP = NO;
				DEBUG_INFORMATION_FORMAT = dwarf;
				ENABLE_STRICT_OBJC_MSGSEND = YES;
				ENABLE_TESTABILITY = YES;
				GCC_C_LANGUAGE_STANDARD = gnu99;
				GCC_DYNAMIC_NO_PIC = NO;
				GCC_NO_COMMON_BLOCKS = YES;
				GCC_OPTIMIZATION_LEVEL = 0;
				GCC_PREPROCESSOR_DEFINITIONS = (
					"DEBUG=1",
					"$(inherited)",
				);
				GCC_WARN_64_TO_32_BIT_CONVERSION = YES;
				GCC_WARN_ABOUT_RETURN_TYPE = YES_ERROR;
				GCC_WARN_UNDECLARED_SELECTOR = YES;
				GCC_WARN_UNINITIALIZED_AUTOS = YES_AGGRESSIVE;
				GCC_WARN_UNUSED_FUNCTION = YES;
				GCC_WARN_UNUSED_VARIABLE = YES;
				IPHONEOS_DEPLOYMENT_TARGET = 9.0;
				MTL_ENABLE_DEBUG_INFO = YES;
				ONLY_ACTIVE_ARCH = YES;
				SDKROOT = iphoneos;
				SWIFT_OPTIMIZATION_LEVEL = "-Onone";
				TARGETED_DEVICE_FAMILY = "1,2";
			};
			name = Debug;
		};
		4ABF42221BD6942000E836DC /* Release */ = {
			isa = XCBuildConfiguration;
			buildSettings = {
				ALWAYS_SEARCH_USER_PATHS = NO;
				CLANG_CXX_LANGUAGE_STANDARD = "gnu++0x";
				CLANG_CXX_LIBRARY = "libc++";
				CLANG_ENABLE_MODULES = YES;
				CLANG_ENABLE_OBJC_ARC = YES;
				CLANG_WARN_BOOL_CONVERSION = YES;
				CLANG_WARN_CONSTANT_CONVERSION = YES;
				CLANG_WARN_DIRECT_OBJC_ISA_USAGE = YES_ERROR;
				CLANG_WARN_EMPTY_BODY = YES;
				CLANG_WARN_ENUM_CONVERSION = YES;
				CLANG_WARN_INT_CONVERSION = YES;
				CLANG_WARN_OBJC_ROOT_CLASS = YES_ERROR;
				CLANG_WARN_UNREACHABLE_CODE = YES;
				CLANG_WARN__DUPLICATE_METHOD_MATCH = YES;
				"CODE_SIGN_IDENTITY[sdk=iphoneos*]" = "iPhone Developer";
				COPY_PHASE_STRIP = NO;
				DEBUG_INFORMATION_FORMAT = "dwarf-with-dsym";
				ENABLE_NS_ASSERTIONS = NO;
				ENABLE_STRICT_OBJC_MSGSEND = YES;
				GCC_C_LANGUAGE_STANDARD = gnu99;
				GCC_NO_COMMON_BLOCKS = YES;
				GCC_WARN_64_TO_32_BIT_CONVERSION = YES;
				GCC_WARN_ABOUT_RETURN_TYPE = YES_ERROR;
				GCC_WARN_UNDECLARED_SELECTOR = YES;
				GCC_WARN_UNINITIALIZED_AUTOS = YES_AGGRESSIVE;
				GCC_WARN_UNUSED_FUNCTION = YES;
				GCC_WARN_UNUSED_VARIABLE = YES;
				IPHONEOS_DEPLOYMENT_TARGET = 9.0;
				MTL_ENABLE_DEBUG_INFO = NO;
				SDKROOT = iphoneos;
				TARGETED_DEVICE_FAMILY = "1,2";
				VALIDATE_PRODUCT = YES;
			};
			name = Release;
		};
		4ABF42241BD6942000E836DC /* Debug */ = {
			isa = XCBuildConfiguration;
			baseConfigurationReference = A5145D3FA015A57B2D53094E /* Pods-Pings.debug.xcconfig */;
			buildSettings = {
				ASSETCATALOG_COMPILER_APPICON_NAME = AppIcon;
				CLANG_ENABLE_MODULES = YES;
				CODE_SIGN_IDENTITY = "iPhone Developer";
				EMBEDDED_CONTENT_CONTAINS_SWIFT = YES;
				INFOPLIST_FILE = Pings/Info.plist;
				IPHONEOS_DEPLOYMENT_TARGET = 9.1;
				LD_RUNPATH_SEARCH_PATHS = "$(inherited) @executable_path/Frameworks";
				PRODUCT_BUNDLE_IDENTIFIER = com.nevercry.Pings;
				PRODUCT_NAME = "$(TARGET_NAME)";
				SWIFT_OBJC_BRIDGING_HEADER = "Pings/Pings-Bridging-Header.h";
				SWIFT_OPTIMIZATION_LEVEL = "-Onone";
			};
			name = Debug;
		};
		4ABF42251BD6942000E836DC /* Release */ = {
			isa = XCBuildConfiguration;
			baseConfigurationReference = 6A15C6B598269F835D5AAD93 /* Pods-Pings.release.xcconfig */;
			buildSettings = {
				ASSETCATALOG_COMPILER_APPICON_NAME = AppIcon;
				CLANG_ENABLE_MODULES = YES;
				CODE_SIGN_IDENTITY = "iPhone Developer";
				EMBEDDED_CONTENT_CONTAINS_SWIFT = YES;
				INFOPLIST_FILE = Pings/Info.plist;
				IPHONEOS_DEPLOYMENT_TARGET = 9.1;
				LD_RUNPATH_SEARCH_PATHS = "$(inherited) @executable_path/Frameworks";
				PRODUCT_BUNDLE_IDENTIFIER = com.nevercry.Pings;
				PRODUCT_NAME = "$(TARGET_NAME)";
				SWIFT_OBJC_BRIDGING_HEADER = "Pings/Pings-Bridging-Header.h";
			};
			name = Release;
		};
		4ABF42271BD6942000E836DC /* Debug */ = {
			isa = XCBuildConfiguration;
			baseConfigurationReference = EF9743B69014525AE85C2C3F /* Pods-PingsTests.debug.xcconfig */;
			buildSettings = {
				BUNDLE_LOADER = "$(TEST_HOST)";
				INFOPLIST_FILE = PingsTests/Info.plist;
				LD_RUNPATH_SEARCH_PATHS = "$(inherited) @executable_path/Frameworks @loader_path/Frameworks";
				PRODUCT_BUNDLE_IDENTIFIER = com.nevercry.PingsTests;
				PRODUCT_NAME = "$(TARGET_NAME)";
				TEST_HOST = "$(BUILT_PRODUCTS_DIR)/Pings.app/Pings";
			};
			name = Debug;
		};
		4ABF42281BD6942000E836DC /* Release */ = {
			isa = XCBuildConfiguration;
			baseConfigurationReference = 8F583F4C69CDBB0571B418E7 /* Pods-PingsTests.release.xcconfig */;
			buildSettings = {
				BUNDLE_LOADER = "$(TEST_HOST)";
				INFOPLIST_FILE = PingsTests/Info.plist;
				LD_RUNPATH_SEARCH_PATHS = "$(inherited) @executable_path/Frameworks @loader_path/Frameworks";
				PRODUCT_BUNDLE_IDENTIFIER = com.nevercry.PingsTests;
				PRODUCT_NAME = "$(TARGET_NAME)";
				TEST_HOST = "$(BUILT_PRODUCTS_DIR)/Pings.app/Pings";
			};
			name = Release;
		};
		4ABF422A1BD6942000E836DC /* Debug */ = {
			isa = XCBuildConfiguration;
			baseConfigurationReference = FEAA741F8E9B3248E7415B7B /* Pods-PingsUITests.debug.xcconfig */;
			buildSettings = {
				INFOPLIST_FILE = PingsUITests/Info.plist;
				LD_RUNPATH_SEARCH_PATHS = "$(inherited) @executable_path/Frameworks @loader_path/Frameworks";
				PRODUCT_BUNDLE_IDENTIFIER = com.nevercry.PingsUITests;
				PRODUCT_NAME = "$(TARGET_NAME)";
				TEST_TARGET_NAME = Pings;
				USES_XCTRUNNER = YES;
			};
			name = Debug;
		};
		4ABF422B1BD6942000E836DC /* Release */ = {
			isa = XCBuildConfiguration;
			baseConfigurationReference = 4F58B792354426A6D179CD3F /* Pods-PingsUITests.release.xcconfig */;
			buildSettings = {
				INFOPLIST_FILE = PingsUITests/Info.plist;
				LD_RUNPATH_SEARCH_PATHS = "$(inherited) @executable_path/Frameworks @loader_path/Frameworks";
				PRODUCT_BUNDLE_IDENTIFIER = com.nevercry.PingsUITests;
				PRODUCT_NAME = "$(TARGET_NAME)";
				TEST_TARGET_NAME = Pings;
				USES_XCTRUNNER = YES;
			};
			name = Release;
		};
/* End XCBuildConfiguration section */

/* Begin XCConfigurationList section */
		4A7212C71BFF2D67002D166B /* Build configuration list for PBXNativeTarget "PingsWatch Extension" */ = {
			isa = XCConfigurationList;
			buildConfigurations = (
				4A7212C81BFF2D67002D166B /* Debug */,
				4A7212C91BFF2D67002D166B /* Release */,
			);
			defaultConfigurationIsVisible = 0;
			defaultConfigurationName = Release;
		};
		4A7212CB1BFF2D67002D166B /* Build configuration list for PBXNativeTarget "PingsWatch" */ = {
			isa = XCConfigurationList;
			buildConfigurations = (
				4A7212CC1BFF2D67002D166B /* Debug */,
				4A7212CD1BFF2D67002D166B /* Release */,
			);
			defaultConfigurationIsVisible = 0;
			defaultConfigurationName = Release;
		};
		4A9C89721BFA0D7300D4EF6A /* Build configuration list for PBXNativeTarget "Pings Widget" */ = {
			isa = XCConfigurationList;
			buildConfigurations = (
				4A9C89701BFA0D7300D4EF6A /* Debug */,
				4A9C89711BFA0D7300D4EF6A /* Release */,
			);
			defaultConfigurationIsVisible = 0;
			defaultConfigurationName = Release;
		};
		4A9D95511C00327F005740A4 /* Build configuration list for PBXNativeTarget "PingsSharedDataLayer" */ = {
			isa = XCConfigurationList;
			buildConfigurations = (
				4A9D954F1C00327F005740A4 /* Debug */,
				4A9D95501C00327F005740A4 /* Release */,
			);
			defaultConfigurationIsVisible = 0;
			defaultConfigurationName = Release;
		};
		4ABF41F61BD6942000E836DC /* Build configuration list for PBXProject "Pings" */ = {
			isa = XCConfigurationList;
			buildConfigurations = (
				4ABF42211BD6942000E836DC /* Debug */,
				4ABF42221BD6942000E836DC /* Release */,
			);
			defaultConfigurationIsVisible = 0;
			defaultConfigurationName = Release;
		};
		4ABF42231BD6942000E836DC /* Build configuration list for PBXNativeTarget "Pings" */ = {
			isa = XCConfigurationList;
			buildConfigurations = (
				4ABF42241BD6942000E836DC /* Debug */,
				4ABF42251BD6942000E836DC /* Release */,
			);
			defaultConfigurationIsVisible = 0;
			defaultConfigurationName = Release;
		};
		4ABF42261BD6942000E836DC /* Build configuration list for PBXNativeTarget "PingsTests" */ = {
			isa = XCConfigurationList;
			buildConfigurations = (
				4ABF42271BD6942000E836DC /* Debug */,
				4ABF42281BD6942000E836DC /* Release */,
			);
			defaultConfigurationIsVisible = 0;
			defaultConfigurationName = Release;
		};
		4ABF42291BD6942000E836DC /* Build configuration list for PBXNativeTarget "PingsUITests" */ = {
			isa = XCConfigurationList;
			buildConfigurations = (
				4ABF422A1BD6942000E836DC /* Debug */,
				4ABF422B1BD6942000E836DC /* Release */,
			);
			defaultConfigurationIsVisible = 0;
			defaultConfigurationName = Release;
		};
/* End XCConfigurationList section */
	};
	rootObject = 4ABF41F31BD6942000E836DC /* Project object */;
}
